<?xml version="1.0" encoding="UTF-8"?>
<CONFIG>
  <ProjectOptions>
    <Version Value="10"/>
    <PathDelim Value="\"/>
    <General>
      <MainUnit Value="0"/>
      <Title Value="DSP Emulator"/>
      <UseXPManifest Value="True"/>
      <Icon Value="0"/>
    </General>
    <VersionInfo>
      <UseVersionInfo Value="True"/>
      <AutoIncrementBuild Value="True"/>
      <MinorVersionNr Value="18"/>
      <BuildNr Value="1120"/>
      <Language Value="040A"/>
      <StringTable CompanyName="Leniad" InternalName="Mi Emulador!" LegalCopyright="Leniad" OriginalFilename="DSP Emulator" ProductName="DSP Emulator" ProductVersion="0.18"/>
    </VersionInfo>
    <BuildModes Count="1">
      <Item1 Name="default" Default="True"/>
    </BuildModes>
    <PublishOptions>
      <Version Value="2"/>
      <DestinationDirectory Value="\home\dani\dsp\lazarus"/>
      <IgnoreBinaries Value="False"/>
      <IncludeFileFilter Value="*.(pas|pp|inc|lfm|lpr|lrs|lpi|lpk|sh|xml)"/>
      <ExcludeFileFilter Value="*.(bak|ppu|ppw|o|so);*~;backup"/>
    </PublishOptions>
    <RunParams>
      <local>
        <FormatVersion Value="1"/>
        <LaunchingApplication PathPlusParams="\usr\X11R6\bin\xterm -T 'Lazarus Run Output' -e $(LazarusDir)\tools\runwait.sh $(TargetCmdLine)"/>
      </local>
    </RunParams>
    <RequiredPackages Count="2">
      <Item1>
        <PackageName Value="LCLBase"/>
        <MinVersion Major="1" Release="1" Valid="True"/>
      </Item1>
      <Item2>
        <PackageName Value="LCL"/>
      </Item2>
    </RequiredPackages>
    <Units Count="204">
      <Unit0>
        <Filename Value="dsp.lpr"/>
        <IsPartOfProject Value="True"/>
        <EditorIndex Value="-1"/>
        <TopLine Value="14"/>
        <CursorPos Y="23"/>
        <UsageCount Value="200"/>
        <DefaultSyntaxHighlighter Value="Delphi"/>
      </Unit0>
      <Unit1>
        <Filename Value="principal.pas"/>
        <IsPartOfProject Value="True"/>
        <ComponentName Value="principal1"/>
        <HasResources Value="True"/>
        <ResourceBaseClass Value="Form"/>
        <TopLine Value="859"/>
        <CursorPos X="7" Y="874"/>
        <UsageCount Value="200"/>
        <Loaded Value="True"/>
        <LoadedDesigner Value="True"/>
        <DefaultSyntaxHighlighter Value="Delphi"/>
      </Unit1>
      <Unit2>
        <Filename Value="..\ordenadores\spectrum_misc.pas"/>
        <IsPartOfProject Value="True"/>
        <TopLine Value="190"/>
        <CursorPos X="46" Y="204"/>
        <UsageCount Value="200"/>
        <DefaultSyntaxHighlighter Value="Delphi"/>
      </Unit2>
      <Unit3>
        <Filename Value="unzip2.pas"/>
        <EditorIndex Value="-1"/>
        <TopLine Value="336"/>
        <CursorPos X="33" Y="345"/>
        <UsageCount Value="190"/>
        <DefaultSyntaxHighlighter Value="Delphi"/>
      </Unit3>
      <Unit4>
        <Filename Value="..\snd\dac.pas"/>
        <IsPartOfProject Value="True"/>
        <EditorIndex Value="-1"/>
        <TopLine Value="22"/>
        <CursorPos X="50" Y="4"/>
        <UsageCount Value="204"/>
        <DefaultSyntaxHighlighter Value="Delphi"/>
      </Unit4>
      <Unit5>
        <Filename Value="..\cpu\m6800\m680x.pas"/>
        <IsPartOfProject Value="True"/>
        <TopLine Value="48"/>
        <CursorPos X="56" Y="58"/>
        <UsageCount Value="200"/>
        <DefaultSyntaxHighlighter Value="Delphi"/>
      </Unit5>
      <Unit6>
        <Filename Value="..\arcade\nmk16.pas"/>
        <IsPartOfProject Value="True"/>
        <UsageCount Value="200"/>
        <DefaultSyntaxHighlighter Value="Delphi"/>
      </Unit6>
      <Unit7>
        <Filename Value="..\arcade\knucklejoe.pas"/>
        <IsPartOfProject Value="True"/>
        <CursorPos X="7" Y="5"/>
        <UsageCount Value="200"/>
        <DefaultSyntaxHighlighter Value="Delphi"/>
      </Unit7>
      <Unit8>
        <Filename Value="..\arcade\wardner_hw.pas"/>
        <IsPartOfProject Value="True"/>
        <EditorIndex Value="-1"/>
        <TopLine Value="332"/>
        <CursorPos X="15" Y="348"/>
        <UsageCount Value="200"/>
        <DefaultSyntaxHighlighter Value="Delphi"/>
      </Unit8>
      <Unit9>
        <Filename Value="..\cpu\tms32010\tms32010.pas"/>
        <IsPartOfProject Value="True"/>
        <CursorPos X="34" Y="7"/>
        <UsageCount Value="200"/>
        <DefaultSyntaxHighlighter Value="Delphi"/>
      </Unit9>
      <Unit10>
        <Filename Value="..\misc\rom_engine.pas"/>
        <IsPartOfProject Value="True"/>
        <UnitName Value="Rom_engine"/>
        <EditorIndex Value="-1"/>
        <TopLine Value="44"/>
        <CursorPos X="14" Y="53"/>
        <UsageCount Value="200"/>
        <DefaultSyntaxHighlighter Value="Delphi"/>
      </Unit10>
      <Unit11>
        <Filename Value="..\cpu\mb88xx\mb88xx.pas"/>
        <IsPartOfProject Value="True"/>
        <TopLine Value="51"/>
        <CursorPos X="22" Y="61"/>
        <UsageCount Value="200"/>
        <DefaultSyntaxHighlighter Value="Delphi"/>
      </Unit11>
      <Unit12>
        <Filename Value="..\cpu\nec\nec_v20_v30.pas"/>
        <IsPartOfProject Value="True"/>
        <CursorPos X="34" Y="9"/>
        <UsageCount Value="200"/>
        <DefaultSyntaxHighlighter Value="Delphi"/>
      </Unit12>
      <Unit13>
        <Filename Value="..\cpu\hd6309\hd6309.pas"/>
        <IsPartOfProject Value="True"/>
        <TopLine Value="1179"/>
        <CursorPos X="46" Y="1190"/>
        <UsageCount Value="200"/>
        <DefaultSyntaxHighlighter Value="Delphi"/>
      </Unit13>
      <Unit14>
        <Filename Value="..\misc\main_engine.pas"/>
        <EditorIndex Value="-1"/>
        <TopLine Value="295"/>
        <CursorPos X="24" Y="313"/>
        <UsageCount Value="100"/>
        <DefaultSyntaxHighlighter Value="Delphi"/>
      </Unit14>
      <Unit15>
        <Filename Value="..\misc\controls_engine.pas"/>
        <IsPartOfProject Value="True"/>
        <EditorIndex Value="-1"/>
        <TopLine Value="151"/>
        <CursorPos X="24" Y="160"/>
        <UsageCount Value="200"/>
        <DefaultSyntaxHighlighter Value="Delphi"/>
      </Unit15>
      <Unit16>
        <Filename Value="acercade.pas"/>
        <IsPartOfProject Value="True"/>
        <ComponentName Value="Aboutbox"/>
        <HasResources Value="True"/>
        <ResourceBaseClass Value="Form"/>
        <EditorIndex Value="-1"/>
        <TopLine Value="30"/>
        <CursorPos X="27" Y="44"/>
        <UsageCount Value="200"/>
        <DefaultSyntaxHighlighter Value="Delphi"/>
      </Unit16>
      <Unit17>
        <Filename Value="loadrom.pas"/>
        <IsPartOfProject Value="True"/>
        <ComponentName Value="FLoadRom"/>
        <HasResources Value="True"/>
        <ResourceBaseClass Value="Form"/>
        <UnitName Value="LoadRom"/>
        <EditorIndex Value="-1"/>
        <TopLine Value="95"/>
        <CursorPos X="104" Y="107"/>
        <UsageCount Value="200"/>
        <DefaultSyntaxHighlighter Value="Delphi"/>
      </Unit17>
      <Unit18>
        <Filename Value="config_general.pas"/>
        <IsPartOfProject Value="True"/>
        <ComponentName Value="MConfig"/>
        <HasResources Value="True"/>
        <ResourceBaseClass Value="Form"/>
        <EditorIndex Value="-1"/>
        <TopLine Value="451"/>
        <CursorPos X="21" Y="451"/>
        <UsageCount Value="202"/>
        <DefaultSyntaxHighlighter Value="Delphi"/>
      </Unit18>
      <Unit19>
        <Filename Value="redefine.pas"/>
        <IsPartOfProject Value="True"/>
        <ComponentName Value="redefine1"/>
        <HasResources Value="True"/>
        <ResourceBaseClass Value="Form"/>
        <EditorIndex Value="-1"/>
        <TopLine Value="348"/>
        <CursorPos X="22" Y="13"/>
        <UsageCount Value="200"/>
        <DefaultSyntaxHighlighter Value="Delphi"/>
      </Unit19>
      <Unit20>
        <Filename Value="..\cpu\m6805\m6805.pas"/>
        <IsPartOfProject Value="True"/>
        <TopLine Value="65"/>
        <CursorPos X="58" Y="85"/>
        <UsageCount Value="200"/>
        <DefaultSyntaxHighlighter Value="Delphi"/>
      </Unit20>
      <Unit21>
        <Filename Value="..\consolas\coleco.pas"/>
        <IsPartOfProject Value="True"/>
        <EditorIndex Value="-1"/>
        <TopLine Value="243"/>
        <CursorPos X="25" Y="254"/>
        <UsageCount Value="200"/>
        <DefaultSyntaxHighlighter Value="Delphi"/>
      </Unit21>
      <Unit22>
        <Filename Value="..\arcade\misc\konami_decrypt.pas"/>
        <IsPartOfProject Value="True"/>
        <CursorPos X="10" Y="10"/>
        <UsageCount Value="200"/>
        <DefaultSyntaxHighlighter Value="Delphi"/>
      </Unit22>
      <Unit23>
        <Filename Value="..\consolas\tms99xx.pas"/>
        <IsPartOfProject Value="True"/>
        <CursorPos X="49" Y="5"/>
        <UsageCount Value="200"/>
        <DefaultSyntaxHighlighter Value="Delphi"/>
      </Unit23>
      <Unit24>
        <Filename Value="..\arcade\snowbros_hw.pas"/>
        <IsPartOfProject Value="True"/>
        <EditorIndex Value="-1"/>
        <UsageCount Value="200"/>
        <DefaultSyntaxHighlighter Value="Delphi"/>
      </Unit24>
      <Unit25>
        <Filename Value="..\cpu\mcs51\mcs51.pas"/>
        <IsPartOfProject Value="True"/>
        <UsageCount Value="202"/>
        <DefaultSyntaxHighlighter Value="Delphi"/>
      </Unit25>
      <Unit26>
        <Filename Value="..\misc\sound_engine.pas"/>
        <IsPartOfProject Value="True"/>
        <EditorIndex Value="-1"/>
        <TopLine Value="125"/>
        <CursorPos Y="134"/>
        <UsageCount Value="200"/>
        <DefaultSyntaxHighlighter Value="Delphi"/>
      </Unit26>
      <Unit27>
        <Filename Value="..\devices\upd765.pas"/>
        <IsPartOfProject Value="True"/>
        <EditorIndex Value="-1"/>
        <TopLine Value="513"/>
        <CursorPos Y="520"/>
        <UsageCount Value="208"/>
        <DefaultSyntaxHighlighter Value="Delphi"/>
      </Unit27>
      <Unit28>
        <Filename Value="..\misc\file_engine.pas"/>
        <EditorIndex Value="-1"/>
        <TopLine Value="112"/>
        <CursorPos X="22" Y="124"/>
        <UsageCount Value="57"/>
        <DefaultSyntaxHighlighter Value="Delphi"/>
      </Unit28>
      <Unit29>
        <Filename Value="cargar_dsk.pas"/>
        <IsPartOfProject Value="True"/>
        <ComponentName Value="load_dsk"/>
        <HasResources Value="True"/>
        <ResourceBaseClass Value="Form"/>
        <EditorIndex Value="-1"/>
        <TopLine Value="196"/>
        <CursorPos Y="216"/>
        <UsageCount Value="200"/>
        <DefaultSyntaxHighlighter Value="Delphi"/>
      </Unit29>
      <Unit30>
        <Filename Value="tape_window.pas"/>
        <IsPartOfProject Value="True"/>
        <ComponentName Value="tape_window1"/>
        <HasResources Value="True"/>
        <ResourceBaseClass Value="Form"/>
        <EditorIndex Value="-1"/>
        <TopLine Value="86"/>
        <CursorPos X="28" Y="99"/>
        <UsageCount Value="221"/>
        <DefaultSyntaxHighlighter Value="Delphi"/>
      </Unit30>
      <Unit31>
        <Filename Value="cargar_spec.pas"/>
        <IsPartOfProject Value="True"/>
        <ComponentName Value="load_spec"/>
        <HasResources Value="True"/>
        <ResourceBaseClass Value="Form"/>
        <EditorIndex Value="-1"/>
        <TopLine Value="57"/>
        <CursorPos X="10" Y="74"/>
        <UsageCount Value="224"/>
        <DefaultSyntaxHighlighter Value="Delphi"/>
      </Unit31>
      <Unit32>
        <Filename Value="lenslock.pas"/>
        <IsPartOfProject Value="True"/>
        <ComponentName Value="lenslock1"/>
        <HasResources Value="True"/>
        <ResourceBaseClass Value="Form"/>
        <EditorIndex Value="-1"/>
        <TopLine Value="57"/>
        <CursorPos X="8" Y="70"/>
        <UsageCount Value="224"/>
        <DefaultSyntaxHighlighter Value="Delphi"/>
      </Unit32>
      <Unit33>
        <Filename Value="config.pas"/>
        <IsPartOfProject Value="True"/>
        <ComponentName Value="ConfigSP"/>
        <HasResources Value="True"/>
        <ResourceBaseClass Value="Form"/>
        <EditorIndex Value="-1"/>
        <TopLine Value="148"/>
        <CursorPos X="56" Y="158"/>
        <UsageCount Value="224"/>
        <DefaultSyntaxHighlighter Value="Delphi"/>
      </Unit33>
      <Unit34>
        <Filename Value="..\cpu\hu6280.pas"/>
        <IsPartOfProject Value="True"/>
        <EditorIndex Value="-1"/>
        <TopLine Value="162"/>
        <CursorPos X="30" Y="174"/>
        <UsageCount Value="200"/>
        <DefaultSyntaxHighlighter Value="Delphi"/>
      </Unit34>
      <Unit35>
        <Filename Value="zlibex\zlibex.pas"/>
        <UnitName Value="ZLibEx"/>
        <EditorIndex Value="-1"/>
        <TopLine Value="665"/>
        <CursorPos X="46" Y="673"/>
        <UsageCount Value="96"/>
        <DefaultSyntaxHighlighter Value="Delphi"/>
      </Unit35>
      <Unit36>
        <Filename Value="zlibex\zlibexapi.pas"/>
        <UnitName Value="ZLibExApi"/>
        <EditorIndex Value="-1"/>
        <TopLine Value="73"/>
        <CursorPos X="3" Y="73"/>
        <UsageCount Value="28"/>
        <DefaultSyntaxHighlighter Value="Delphi"/>
      </Unit36>
      <Unit37>
        <Filename Value="arcade_config.pas"/>
        <IsPartOfProject Value="True"/>
        <ComponentName Value="config_arcade"/>
        <HasResources Value="True"/>
        <ResourceBaseClass Value="Form"/>
        <EditorIndex Value="-1"/>
        <TopLine Value="21"/>
        <CursorPos X="46" Y="27"/>
        <UsageCount Value="301"/>
        <DefaultSyntaxHighlighter Value="Delphi"/>
      </Unit37>
      <Unit38>
        <Filename Value="..\ordenadores\misc\spectrum_load.pas"/>
        <EditorIndex Value="-1"/>
        <TopLine Value="476"/>
        <CursorPos Y="490"/>
        <UsageCount Value="29"/>
        <DefaultSyntaxHighlighter Value="Delphi"/>
      </Unit38>
      <Unit39>
        <Filename Value="joystick_calibration.pas"/>
        <IsPartOfProject Value="True"/>
        <ComponentName Value="joy_calibration"/>
        <HasResources Value="True"/>
        <ResourceBaseClass Value="Form"/>
        <EditorIndex Value="-1"/>
        <TopLine Value="64"/>
        <CursorPos X="3" Y="82"/>
        <UsageCount Value="226"/>
        <DefaultSyntaxHighlighter Value="Delphi"/>
      </Unit39>
      <Unit40>
        <Filename Value="..\misc\SDL2\sdl2.pas"/>
        <UnitName Value="SDL2"/>
        <EditorIndex Value="-1"/>
        <UsageCount Value="175"/>
        <DefaultSyntaxHighlighter Value="Delphi"/>
      </Unit40>
      <Unit41>
        <Filename Value="..\arcade\zaxxon_hw.pas"/>
        <EditorIndex Value="-1"/>
        <TopLine Value="43"/>
        <CursorPos X="62" Y="51"/>
        <UsageCount Value="32"/>
        <DefaultSyntaxHighlighter Value="Delphi"/>
      </Unit41>
      <Unit42>
        <Filename Value="..\misc\SDL2\sdlrect.inc"/>
        <EditorIndex Value="-1"/>
        <TopLine Value="19"/>
        <CursorPos X="15" Y="31"/>
        <UsageCount Value="9"/>
        <DefaultSyntaxHighlighter Value="Delphi"/>
      </Unit42>
      <Unit43>
        <Filename Value="..\misc\init_games.pas"/>
        <EditorIndex Value="-1"/>
        <TopLine Value="10"/>
        <CursorPos Y="10"/>
        <UsageCount Value="31"/>
        <DefaultSyntaxHighlighter Value="Delphi"/>
      </Unit43>
      <Unit44>
        <Filename Value="..\ordenadores\amstrad_cpc.pas"/>
        <EditorIndex Value="-1"/>
        <TopLine Value="887"/>
        <CursorPos X="20" Y="896"/>
        <UsageCount Value="5"/>
        <DefaultSyntaxHighlighter Value="Delphi"/>
      </Unit44>
      <Unit45>
        <Filename Value="..\misc\gfx_engine.pas"/>
        <EditorIndex Value="-1"/>
        <TopLine Value="60"/>
        <CursorPos Y="78"/>
        <UsageCount Value="8"/>
        <DefaultSyntaxHighlighter Value="Delphi"/>
      </Unit45>
      <Unit46>
        <Filename Value="..\snd\samples.pas"/>
        <EditorIndex Value="-1"/>
        <TopLine Value="342"/>
        <CursorPos X="11" Y="42"/>
        <UsageCount Value="6"/>
        <DefaultSyntaxHighlighter Value="Delphi"/>
      </Unit46>
      <Unit47>
        <Filename Value="..\ordenadores\spectrum_3.pas"/>
        <EditorIndex Value="-1"/>
        <TopLine Value="115"/>
        <CursorPos X="54" Y="125"/>
        <UsageCount Value="4"/>
        <DefaultSyntaxHighlighter Value="Delphi"/>
      </Unit47>
      <Unit48>
        <Filename Value="..\cpu\z80\z80_sp.pas"/>
        <EditorIndex Value="-1"/>
        <TopLine Value="3778"/>
        <CursorPos X="36" Y="3779"/>
        <UsageCount Value="18"/>
        <DefaultSyntaxHighlighter Value="Delphi"/>
      </Unit48>
      <Unit49>
        <Filename Value="..\devices\tms99xx.pas"/>
        <EditorIndex Value="-1"/>
        <TopLine Value="137"/>
        <CursorPos Y="152"/>
        <UsageCount Value="7"/>
        <DefaultSyntaxHighlighter Value="Delphi"/>
      </Unit49>
      <Unit50>
        <Filename Value="..\consolas\sega_vdp.pas"/>
        <IsPartOfProject Value="True"/>
        <EditorIndex Value="-1"/>
        <TopLine Value="178"/>
        <CursorPos X="34" Y="189"/>
        <UsageCount Value="236"/>
        <DefaultSyntaxHighlighter Value="Delphi"/>
      </Unit50>
      <Unit51>
        <Filename Value="..\arcade\system1_hw_misc.pas"/>
        <EditorIndex Value="-1"/>
        <TopLine Value="153"/>
        <CursorPos X="21" Y="173"/>
        <UsageCount Value="9"/>
        <DefaultSyntaxHighlighter Value="Delphi"/>
      </Unit51>
      <Unit52>
        <Filename Value="config_sms.pas"/>
        <IsPartOfProject Value="True"/>
        <ComponentName Value="SMSConfig"/>
        <HasResources Value="True"/>
        <ResourceBaseClass Value="Form"/>
        <EditorIndex Value="-1"/>
        <TopLine Value="81"/>
        <CursorPos X="5" Y="95"/>
        <UsageCount Value="213"/>
        <DefaultSyntaxHighlighter Value="Delphi"/>
      </Unit52>
      <Unit53>
        <Filename Value="..\arcade\commando_hw.pas"/>
        <EditorIndex Value="-1"/>
        <TopLine Value="253"/>
        <CursorPos X="67" Y="262"/>
        <UsageCount Value="10"/>
        <DefaultSyntaxHighlighter Value="Delphi"/>
      </Unit53>
      <Unit54>
        <Filename Value="..\arcade\mariobros_hw.pas"/>
        <EditorIndex Value="-1"/>
        <TopLine Value="144"/>
        <CursorPos X="57" Y="160"/>
        <UsageCount Value="1"/>
        <DefaultSyntaxHighlighter Value="Delphi"/>
      </Unit54>
      <Unit55>
        <Filename Value="..\misc\lib_sdl2.pas"/>
        <IsPartOfProject Value="True"/>
        <EditorIndex Value="-1"/>
        <TopLine Value="49"/>
        <CursorPos X="3" Y="59"/>
        <UsageCount Value="208"/>
        <DefaultSyntaxHighlighter Value="Delphi"/>
      </Unit55>
      <Unit56>
        <Filename Value="..\cpu\m6809.pas"/>
        <EditorIndex Value="-1"/>
        <TopLine Value="233"/>
        <CursorPos X="29" Y="245"/>
        <UsageCount Value="22"/>
        <DefaultSyntaxHighlighter Value="Delphi"/>
      </Unit56>
      <Unit57>
        <Filename Value="..\misc\rom_export.pas"/>
        <EditorIndex Value="-1"/>
        <TopLine Value="2329"/>
        <CursorPos X="5" Y="2346"/>
        <UsageCount Value="25"/>
        <DefaultSyntaxHighlighter Value="Delphi"/>
      </Unit57>
      <Unit58>
        <Filename Value="..\misc\SDL2\sdlkeyboard.inc"/>
        <EditorIndex Value="-1"/>
        <TopLine Value="2"/>
        <CursorPos X="7" Y="16"/>
        <UsageCount Value="9"/>
        <DefaultSyntaxHighlighter Value="Delphi"/>
      </Unit58>
      <Unit59>
        <Filename Value="config_cpc.pas"/>
        <IsPartOfProject Value="True"/>
        <ComponentName Value="configcpc"/>
        <HasResources Value="True"/>
        <ResourceBaseClass Value="Form"/>
        <EditorIndex Value="-1"/>
        <TopLine Value="70"/>
        <CursorPos X="76" Y="4"/>
        <UsageCount Value="200"/>
        <DefaultSyntaxHighlighter Value="Delphi"/>
      </Unit59>
      <Unit60>
        <Filename Value="..\misc\disk_file_format.pas"/>
        <EditorIndex Value="-1"/>
        <CursorPos X="50" Y="4"/>
        <UsageCount Value="12"/>
        <DefaultSyntaxHighlighter Value="Delphi"/>
      </Unit60>
      <Unit61>
        <Filename Value="..\..\src_old\devices\upd765.pas"/>
        <EditorIndex Value="-1"/>
        <TopLine Value="301"/>
        <CursorPos X="13" Y="316"/>
        <UsageCount Value="9"/>
        <DefaultSyntaxHighlighter Value="Delphi"/>
      </Unit61>
      <Unit62>
        <Filename Value="..\misc\SDL2\sdlsurface.inc"/>
        <EditorIndex Value="-1"/>
        <TopLine Value="46"/>
        <CursorPos X="7" Y="61"/>
        <UsageCount Value="9"/>
        <DefaultSyntaxHighlighter Value="Delphi"/>
      </Unit62>
      <Unit63>
        <Filename Value="..\misc\SDL2\sdl.inc"/>
        <EditorIndex Value="-1"/>
        <CursorPos X="29" Y="7"/>
        <UsageCount Value="9"/>
        <DefaultSyntaxHighlighter Value="Delphi"/>
      </Unit63>
      <Unit64>
        <Filename Value="..\misc\kaillera.pas"/>
        <IsPartOfProject Value="True"/>
        <EditorIndex Value="-1"/>
        <TopLine Value="20"/>
        <CursorPos X="31" Y="24"/>
        <UsageCount Value="200"/>
        <DefaultSyntaxHighlighter Value="Delphi"/>
      </Unit64>
      <Unit65>
        <Filename Value="..\misc\SDL2\sdlmouse.inc"/>
        <EditorIndex Value="-1"/>
        <CursorPos X="3" Y="4"/>
        <UsageCount Value="9"/>
        <DefaultSyntaxHighlighter Value="Delphi"/>
      </Unit65>
      <Unit66>
        <Filename Value="..\misc\SDL2\sdlaudio.inc"/>
        <EditorIndex Value="-1"/>
        <TopLine Value="229"/>
        <CursorPos X="31" Y="238"/>
        <UsageCount Value="9"/>
        <DefaultSyntaxHighlighter Value="Delphi"/>
      </Unit66>
      <Unit67>
        <Filename Value="..\misc\SDL2\sdltouch.inc"/>
        <EditorIndex Value="-1"/>
        <CursorPos X="22" Y="5"/>
        <UsageCount Value="9"/>
        <DefaultSyntaxHighlighter Value="Delphi"/>
      </Unit67>
      <Unit68>
        <Filename Value="..\misc\SDL2\sdlgesture.inc"/>
        <EditorIndex Value="-1"/>
        <CursorPos X="3" Y="4"/>
        <UsageCount Value="9"/>
        <DefaultSyntaxHighlighter Value="Delphi"/>
      </Unit68>
      <Unit69>
        <Filename Value="..\misc\SDL2\sdlrwops.inc"/>
        <EditorIndex Value="-1"/>
        <TopLine Value="47"/>
        <CursorPos X="81" Y="56"/>
        <UsageCount Value="9"/>
        <DefaultSyntaxHighlighter Value="Delphi"/>
      </Unit69>
      <Unit70>
        <Filename Value="C:\lazarus\fpc\3.0.0\source\rtl\win\wininc\struct.inc"/>
        <EditorIndex Value="-1"/>
        <TopLine Value="2944"/>
        <CursorPos X="6" Y="2953"/>
        <UsageCount Value="9"/>
      </Unit70>
      <Unit71>
        <Filename Value="..\cpu\z80\nz80.pas"/>
        <EditorIndex Value="-1"/>
        <TopLine Value="689"/>
        <CursorPos Y="779"/>
        <UsageCount Value="19"/>
        <DefaultSyntaxHighlighter Value="Delphi"/>
      </Unit71>
      <Unit72>
        <Filename Value="..\misc\vars_hide.pas"/>
        <EditorIndex Value="-1"/>
        <CursorPos X="27" Y="49"/>
        <UsageCount Value="8"/>
        <DefaultSyntaxHighlighter Value="Delphi"/>
      </Unit72>
      <Unit73>
        <Filename Value="..\cpu\hd6309.pas"/>
        <EditorIndex Value="-1"/>
        <TopLine Value="76"/>
        <CursorPos X="30" Y="95"/>
        <UsageCount Value="4"/>
        <DefaultSyntaxHighlighter Value="Delphi"/>
      </Unit73>
      <Unit74>
        <Filename Value="..\snd\fm_2151.pas"/>
        <EditorIndex Value="-1"/>
        <TopLine Value="894"/>
        <CursorPos X="46" Y="905"/>
        <UsageCount Value="1"/>
        <DefaultSyntaxHighlighter Value="Delphi"/>
      </Unit74>
      <Unit75>
        <Filename Value="..\snd\konami_snd.pas"/>
        <EditorIndex Value="-1"/>
        <TopLine Value="135"/>
        <CursorPos X="14" Y="43"/>
        <UsageCount Value="7"/>
        <DefaultSyntaxHighlighter Value="Delphi"/>
      </Unit75>
      <Unit76>
        <Filename Value="..\arcade\rallyx_hw.pas"/>
        <EditorIndex Value="-1"/>
        <TopLine Value="516"/>
        <CursorPos X="44" Y="536"/>
        <UsageCount Value="3"/>
        <DefaultSyntaxHighlighter Value="Delphi"/>
      </Unit76>
      <Unit77>
        <Filename Value="..\arcade\pooyan_hw.pas"/>
        <EditorIndex Value="-1"/>
        <TopLine Value="69"/>
        <CursorPos Y="78"/>
        <UsageCount Value="7"/>
        <DefaultSyntaxHighlighter Value="Delphi"/>
      </Unit77>
      <Unit78>
        <Filename Value="..\arcade\galaxian_hw.pas"/>
        <EditorIndex Value="-1"/>
        <TopLine Value="928"/>
        <CursorPos X="29" Y="947"/>
        <UsageCount Value="1"/>
        <DefaultSyntaxHighlighter Value="Delphi"/>
      </Unit78>
      <Unit79>
        <Filename Value="..\snd\ym_2203.pas"/>
        <EditorIndex Value="-1"/>
        <CursorPos X="54" Y="5"/>
        <UsageCount Value="9"/>
        <DefaultSyntaxHighlighter Value="Delphi"/>
      </Unit79>
      <Unit80>
        <Filename Value="..\snd\fmopl.pas"/>
        <EditorIndex Value="-1"/>
        <TopLine Value="387"/>
        <CursorPos X="17" Y="405"/>
        <UsageCount Value="4"/>
        <DefaultSyntaxHighlighter Value="Delphi"/>
      </Unit80>
      <Unit81>
        <Filename Value="..\arcade\expressraider_hw.pas"/>
        <EditorIndex Value="-1"/>
        <TopLine Value="49"/>
        <CursorPos X="6" Y="14"/>
        <UsageCount Value="12"/>
        <DefaultSyntaxHighlighter Value="Delphi"/>
      </Unit81>
      <Unit82>
        <Filename Value="..\arcade\breakthru_hw.pas"/>
        <EditorIndex Value="-1"/>
        <TopLine Value="489"/>
        <CursorPos X="23" Y="511"/>
        <UsageCount Value="4"/>
        <DefaultSyntaxHighlighter Value="Delphi"/>
      </Unit82>
      <Unit83>
        <Filename Value="..\snd\ym_2151.pas"/>
        <EditorIndex Value="-1"/>
        <CursorPos X="67" Y="4"/>
        <UsageCount Value="4"/>
        <DefaultSyntaxHighlighter Value="Delphi"/>
      </Unit83>
      <Unit84>
        <Filename Value="..\arcade\karnov_hw.pas"/>
        <IsPartOfProject Value="True"/>
        <EditorIndex Value="-1"/>
        <TopLine Value="603"/>
        <CursorPos X="64" Y="609"/>
        <UsageCount Value="201"/>
        <DefaultSyntaxHighlighter Value="Delphi"/>
      </Unit84>
      <Unit85>
        <Filename Value="..\arcade\blacktiger_hw.pas"/>
        <EditorIndex Value="5"/>
        <TopLine Value="520"/>
        <CursorPos X="64" Y="528"/>
        <UsageCount Value="17"/>
        <Loaded Value="True"/>
        <DefaultSyntaxHighlighter Value="Delphi"/>
      </Unit85>
      <Unit86>
        <Filename Value="..\arcade\psychic5_hw.pas"/>
        <EditorIndex Value="-1"/>
        <TopLine Value="429"/>
        <CursorPos X="21" Y="453"/>
        <UsageCount Value="4"/>
        <DefaultSyntaxHighlighter Value="Delphi"/>
      </Unit86>
      <Unit87>
        <Filename Value="..\cpu\m6809.inc"/>
        <EditorIndex Value="-1"/>
        <TopLine Value="252"/>
        <CursorPos X="16" Y="268"/>
        <UsageCount Value="17"/>
        <DefaultSyntaxHighlighter Value="Delphi"/>
      </Unit87>
      <Unit88>
        <Filename Value="..\misc\timer_engine.pas"/>
        <EditorIndex Value="3"/>
        <TopLine Value="51"/>
        <CursorPos Y="60"/>
        <UsageCount Value="12"/>
        <Loaded Value="True"/>
        <DefaultSyntaxHighlighter Value="Delphi"/>
      </Unit88>
      <Unit89>
        <Filename Value="..\cpu\konami.pas"/>
        <EditorIndex Value="-1"/>
        <TopLine Value="833"/>
        <CursorPos Y="857"/>
        <UsageCount Value="34"/>
        <DefaultSyntaxHighlighter Value="Delphi"/>
      </Unit89>
      <Unit90>
        <Filename Value="..\cpu\m6805.pas"/>
        <EditorIndex Value="-1"/>
        <TopLine Value="113"/>
        <CursorPos X="32" Y="131"/>
        <UsageCount Value="9"/>
        <DefaultSyntaxHighlighter Value="Delphi"/>
      </Unit90>
      <Unit91>
        <Filename Value="C:\kk\m6809.pas"/>
        <EditorIndex Value="-1"/>
        <UsageCount Value="9"/>
        <DefaultSyntaxHighlighter Value="Delphi"/>
      </Unit91>
      <Unit92>
        <Filename Value="..\arcade\aliens_hw.pas"/>
        <EditorIndex Value="-1"/>
        <TopLine Value="235"/>
        <CursorPos Y="212"/>
        <UsageCount Value="9"/>
        <DefaultSyntaxHighlighter Value="Delphi"/>
      </Unit92>
      <Unit93>
        <Filename Value="..\arcade\tmnt_hw.pas"/>
        <EditorIndex Value="-1"/>
        <TopLine Value="21"/>
        <CursorPos X="9" Y="15"/>
        <UsageCount Value="8"/>
        <DefaultSyntaxHighlighter Value="Delphi"/>
      </Unit93>
      <Unit94>
        <Filename Value="..\arcade\thunderx_hw.pas"/>
        <IsPartOfProject Value="True"/>
        <EditorIndex Value="-1"/>
        <UsageCount Value="200"/>
        <DefaultSyntaxHighlighter Value="Delphi"/>
      </Unit94>
      <Unit95>
        <Filename Value="..\arcade\pacman_hw.pas"/>
        <EditorIndex Value="-1"/>
        <TopLine Value="113"/>
        <CursorPos X="38" Y="116"/>
        <UsageCount Value="10"/>
        <DefaultSyntaxHighlighter Value="Delphi"/>
      </Unit95>
      <Unit96>
        <Filename Value="..\arcade\nmk16_hw.pas"/>
        <EditorIndex Value="-1"/>
        <TopLine Value="180"/>
        <CursorPos Y="187"/>
        <UsageCount Value="5"/>
        <DefaultSyntaxHighlighter Value="Delphi"/>
      </Unit96>
      <Unit97>
        <Filename Value="..\arcade\legendarywings_hw.pas"/>
        <EditorIndex Value="-1"/>
        <TopLine Value="430"/>
        <CursorPos X="23" Y="430"/>
        <UsageCount Value="4"/>
        <DefaultSyntaxHighlighter Value="Delphi"/>
      </Unit97>
      <Unit98>
        <Filename Value="..\cpu\m680x.pas"/>
        <EditorIndex Value="-1"/>
        <TopLine Value="1069"/>
        <CursorPos X="49" Y="913"/>
        <UsageCount Value="8"/>
        <DefaultSyntaxHighlighter Value="Delphi"/>
      </Unit98>
      <Unit99>
        <Filename Value="..\misc\snapshot.pas"/>
        <EditorIndex Value="-1"/>
        <TopLine Value="1423"/>
        <CursorPos X="21" Y="1308"/>
        <UsageCount Value="9"/>
        <DefaultSyntaxHighlighter Value="Delphi"/>
      </Unit99>
      <Unit100>
        <Filename Value="..\arcade\simpsons_hw.pas"/>
        <EditorIndex Value="-1"/>
        <TopLine Value="11"/>
        <CursorPos Y="29"/>
        <UsageCount Value="10"/>
        <DefaultSyntaxHighlighter Value="Delphi"/>
      </Unit100>
      <Unit101>
        <Filename Value="..\arcade\misc\k053251.pas"/>
        <EditorIndex Value="-1"/>
        <TopLine Value="28"/>
        <CursorPos X="11" Y="31"/>
        <UsageCount Value="4"/>
        <DefaultSyntaxHighlighter Value="Delphi"/>
      </Unit101>
      <Unit102>
        <Filename Value="..\snd\k053260.pas"/>
        <EditorIndex Value="-1"/>
        <TopLine Value="98"/>
        <CursorPos X="16" Y="47"/>
        <UsageCount Value="4"/>
        <DefaultSyntaxHighlighter Value="Delphi"/>
      </Unit102>
      <Unit103>
        <Filename Value="..\arcade\misc\k053246_k053247_k055673.pas"/>
        <IsPartOfProject Value="True"/>
        <EditorIndex Value="-1"/>
        <TopLine Value="46"/>
        <CursorPos X="20" Y="61"/>
        <UsageCount Value="200"/>
        <DefaultSyntaxHighlighter Value="Delphi"/>
      </Unit103>
      <Unit104>
        <Filename Value="..\arcade\cityconnection_hw.pas"/>
        <EditorIndex Value="-1"/>
        <TopLine Value="314"/>
        <CursorPos X="42" Y="321"/>
        <UsageCount Value="4"/>
        <DefaultSyntaxHighlighter Value="Delphi"/>
      </Unit104>
      <Unit105>
        <Filename Value="..\arcade\terracresta_hw.pas"/>
        <EditorIndex Value="-1"/>
        <TopLine Value="388"/>
        <CursorPos Y="411"/>
        <UsageCount Value="9"/>
        <DefaultSyntaxHighlighter Value="Delphi"/>
      </Unit105>
      <Unit106>
        <Filename Value="..\arcade\shootout_hw.pas"/>
        <EditorIndex Value="-1"/>
        <TopLine Value="292"/>
        <CursorPos X="8" Y="302"/>
        <UsageCount Value="4"/>
        <DefaultSyntaxHighlighter Value="Delphi"/>
      </Unit106>
      <Unit107>
        <Filename Value="..\arcade\tigerroad_hw.pas"/>
        <EditorIndex Value="-1"/>
        <TopLine Value="380"/>
        <CursorPos Y="403"/>
        <UsageCount Value="9"/>
        <DefaultSyntaxHighlighter Value="Delphi"/>
      </Unit107>
      <Unit108>
        <Filename Value="..\arcade\ironhorse_hw.pas"/>
        <EditorIndex Value="-1"/>
        <TopLine Value="287"/>
        <CursorPos X="62" Y="299"/>
        <UsageCount Value="4"/>
        <DefaultSyntaxHighlighter Value="Delphi"/>
      </Unit108>
      <Unit109>
        <Filename Value="..\arcade\dec8_hw.pas"/>
        <EditorIndex Value="-1"/>
        <TopLine Value="348"/>
        <CursorPos X="23" Y="364"/>
        <UsageCount Value="4"/>
        <DefaultSyntaxHighlighter Value="Delphi"/>
      </Unit109>
      <Unit110>
        <Filename Value="..\arcade\legendkage_hw.pas"/>
        <EditorIndex Value="-1"/>
        <TopLine Value="406"/>
        <CursorPos X="23" Y="427"/>
        <UsageCount Value="4"/>
        <DefaultSyntaxHighlighter Value="Delphi"/>
      </Unit110>
      <Unit111>
        <Filename Value="..\arcade\thenewzealandstory_hw.pas"/>
        <EditorIndex Value="-1"/>
        <TopLine Value="40"/>
        <UsageCount Value="9"/>
        <DefaultSyntaxHighlighter Value="Delphi"/>
      </Unit111>
      <Unit112>
        <Filename Value="..\arcade\combatschool_hw.pas"/>
        <EditorIndex Value="-1"/>
        <TopLine Value="392"/>
        <CursorPos X="25" Y="412"/>
        <UsageCount Value="4"/>
        <DefaultSyntaxHighlighter Value="Delphi"/>
      </Unit112>
      <Unit113>
        <Filename Value="..\arcade\heavyunit_hw.pas"/>
        <EditorIndex Value="-1"/>
        <TopLine Value="317"/>
        <CursorPos Y="326"/>
        <UsageCount Value="15"/>
        <DefaultSyntaxHighlighter Value="Delphi"/>
      </Unit113>
      <Unit114>
        <Filename Value="..\arcade\dec0_hw.pas"/>
        <EditorIndex Value="-1"/>
        <TopLine Value="43"/>
        <CursorPos X="106" Y="62"/>
        <UsageCount Value="12"/>
        <DefaultSyntaxHighlighter Value="Delphi"/>
      </Unit114>
      <Unit115>
        <Filename Value="..\arcade\jackal_hw.pas"/>
        <EditorIndex Value="-1"/>
        <TopLine Value="13"/>
        <CursorPos X="21" Y="27"/>
        <UsageCount Value="2"/>
        <DefaultSyntaxHighlighter Value="Delphi"/>
      </Unit115>
      <Unit116>
        <Filename Value="..\arcade\cps1_hw.pas"/>
        <EditorIndex Value="-1"/>
        <TopLine Value="416"/>
        <CursorPos X="18" Y="422"/>
        <UsageCount Value="9"/>
        <DefaultSyntaxHighlighter Value="Delphi"/>
      </Unit116>
      <Unit117>
        <Filename Value="..\arcade\megasys1_hw.pas"/>
        <EditorIndex Value="-1"/>
        <TopLine Value="146"/>
        <CursorPos X="6" Y="154"/>
        <UsageCount Value="5"/>
        <DefaultSyntaxHighlighter Value="Delphi"/>
      </Unit117>
      <Unit118>
        <Filename Value="..\arcade\superburgertime_hw.pas"/>
        <EditorIndex Value="-1"/>
        <UsageCount Value="9"/>
        <DefaultSyntaxHighlighter Value="Delphi"/>
      </Unit118>
      <Unit119>
        <Filename Value="..\arcade\cavemanninja_hw.pas"/>
        <EditorIndex Value="-1"/>
        <TopLine Value="325"/>
        <CursorPos X="18" Y="336"/>
        <UsageCount Value="7"/>
        <DefaultSyntaxHighlighter Value="Delphi"/>
      </Unit119>
      <Unit120>
        <Filename Value="..\arcade\dietgogo_hw.pas"/>
        <EditorIndex Value="-1"/>
        <TopLine Value="267"/>
        <CursorPos Y="290"/>
        <UsageCount Value="2"/>
        <DefaultSyntaxHighlighter Value="Delphi"/>
      </Unit120>
      <Unit121>
        <Filename Value="..\arcade\rainbowislands_hw.pas"/>
        <EditorIndex Value="-1"/>
        <TopLine Value="281"/>
        <CursorPos X="45" Y="290"/>
        <UsageCount Value="7"/>
        <DefaultSyntaxHighlighter Value="Delphi"/>
      </Unit121>
      <Unit122>
        <Filename Value="..\arcade\operationwolf_hw.pas"/>
        <EditorIndex Value="-1"/>
        <CursorPos X="6" Y="4"/>
        <UsageCount Value="5"/>
        <DefaultSyntaxHighlighter Value="Delphi"/>
      </Unit122>
      <Unit123>
        <Filename Value="..\arcade\outrun_hw.pas"/>
        <EditorIndex Value="-1"/>
        <TopLine Value="28"/>
        <CursorPos X="2" Y="40"/>
        <UsageCount Value="2"/>
        <DefaultSyntaxHighlighter Value="Delphi"/>
      </Unit123>
      <Unit124>
        <Filename Value="..\arcade\ddragon3_hw.pas"/>
        <EditorIndex Value="-1"/>
        <TopLine Value="362"/>
        <CursorPos X="18" Y="386"/>
        <UsageCount Value="7"/>
        <DefaultSyntaxHighlighter Value="Delphi"/>
      </Unit124>
      <Unit125>
        <Filename Value="..\arcade\boogiewings_hw.pas"/>
        <EditorIndex Value="-1"/>
        <TopLine Value="130"/>
        <CursorPos X="15" Y="141"/>
        <UsageCount Value="7"/>
        <DefaultSyntaxHighlighter Value="Delphi"/>
      </Unit125>
      <Unit126>
        <Filename Value="..\snd\ay_8910.pas"/>
        <EditorIndex Value="-1"/>
        <CursorPos X="49" Y="4"/>
        <UsageCount Value="1"/>
        <DefaultSyntaxHighlighter Value="Delphi"/>
      </Unit126>
      <Unit127>
        <Filename Value="..\arcade\bombjack_hw.pas"/>
        <EditorIndex Value="-1"/>
        <CursorPos Y="6"/>
        <UsageCount Value="9"/>
        <DefaultSyntaxHighlighter Value="Delphi"/>
      </Unit127>
      <Unit128>
        <Filename Value="..\cpu\lr35902.pas"/>
        <EditorIndex Value="-1"/>
        <TopLine Value="393"/>
        <CursorPos Y="413"/>
        <UsageCount Value="9"/>
        <DefaultSyntaxHighlighter Value="Delphi"/>
      </Unit128>
      <Unit129>
        <Filename Value="..\arcade\knucklejoe_hw.pas"/>
        <EditorIndex Value="-1"/>
        <TopLine Value="325"/>
        <CursorPos X="35" Y="346"/>
        <UsageCount Value="5"/>
        <DefaultSyntaxHighlighter Value="Delphi"/>
      </Unit129>
      <Unit130>
        <Filename Value="..\arcade\skykid_hw.pas"/>
        <EditorIndex Value="-1"/>
        <CursorPos Y="434"/>
        <UsageCount Value="4"/>
        <DefaultSyntaxHighlighter Value="Delphi"/>
      </Unit130>
      <Unit131>
        <Filename Value="..\arcade\pacland_hw.pas"/>
        <EditorIndex Value="-1"/>
        <TopLine Value="419"/>
        <CursorPos X="80" Y="431"/>
        <UsageCount Value="5"/>
        <DefaultSyntaxHighlighter Value="Delphi"/>
      </Unit131>
      <Unit132>
        <Filename Value="..\cpu\mcs51.pas"/>
        <EditorIndex Value="-1"/>
        <TopLine Value="325"/>
        <CursorPos X="9" Y="873"/>
        <UsageCount Value="15"/>
        <DefaultSyntaxHighlighter Value="Delphi"/>
      </Unit132>
      <Unit133>
        <Filename Value="..\ordenadores\misc\spectrum_misc.pas"/>
        <EditorIndex Value="-1"/>
        <TopLine Value="617"/>
        <CursorPos X="46" Y="626"/>
        <UsageCount Value="10"/>
        <DefaultSyntaxHighlighter Value="Delphi"/>
      </Unit133>
      <Unit134>
        <Filename Value="..\ordenadores\spectrum_48k.pas"/>
        <EditorIndex Value="-1"/>
        <TopLine Value="33"/>
        <CursorPos X="19" Y="50"/>
        <UsageCount Value="6"/>
        <DefaultSyntaxHighlighter Value="Delphi"/>
      </Unit134>
      <Unit135>
        <Filename Value="..\ordenadores\spectrum_128k.pas"/>
        <EditorIndex Value="-1"/>
        <CursorPos X="9" Y="10"/>
        <UsageCount Value="6"/>
        <DefaultSyntaxHighlighter Value="Delphi"/>
      </Unit135>
      <Unit136>
        <Filename Value="..\misc\tap_tzx.pas"/>
        <EditorIndex Value="-1"/>
        <CursorPos X="11" Y="18"/>
        <UsageCount Value="2"/>
        <DefaultSyntaxHighlighter Value="Delphi"/>
      </Unit136>
      <Unit137>
        <Filename Value="config.lfm"/>
        <EditorIndex Value="-1"/>
        <UsageCount Value="7"/>
        <DefaultSyntaxHighlighter Value="LFM"/>
      </Unit137>
      <Unit138>
        <Filename Value="..\misc\pal_engine.pas"/>
        <EditorIndex Value="-1"/>
        <TopLine Value="119"/>
        <CursorPos X="45" Y="127"/>
        <UsageCount Value="15"/>
        <DefaultSyntaxHighlighter Value="Delphi"/>
      </Unit138>
      <Unit139>
        <Filename Value="..\consolas\gb.pas"/>
        <EditorIndex Value="-1"/>
        <TopLine Value="1198"/>
        <CursorPos X="48" Y="1198"/>
        <UsageCount Value="9"/>
        <DefaultSyntaxHighlighter Value="Delphi"/>
      </Unit139>
      <Unit140>
        <Filename Value="..\arcade\mysteriousstones_hw.pas"/>
        <EditorIndex Value="-1"/>
        <TopLine Value="228"/>
        <CursorPos Y="235"/>
        <UsageCount Value="3"/>
        <DefaultSyntaxHighlighter Value="Delphi"/>
      </Unit140>
      <Unit141>
        <Filename Value="..\arcade\phoenix_hw.pas"/>
        <EditorIndex Value="-1"/>
        <UsageCount Value="1"/>
        <DefaultSyntaxHighlighter Value="Delphi"/>
      </Unit141>
      <Unit142>
        <Filename Value="..\arcade\system1_hw.pas"/>
        <EditorIndex Value="-1"/>
        <CursorPos X="32" Y="23"/>
        <UsageCount Value="1"/>
        <DefaultSyntaxHighlighter Value="Delphi"/>
      </Unit142>
      <Unit143>
        <Filename Value="..\arcade\arabian_hw.pas"/>
        <EditorIndex Value="-1"/>
        <TopLine Value="65"/>
        <CursorPos Y="65"/>
        <UsageCount Value="6"/>
        <DefaultSyntaxHighlighter Value="Delphi"/>
      </Unit143>
      <Unit144>
        <Filename Value="..\arcade\bagman_hw.pas"/>
        <EditorIndex Value="-1"/>
        <TopLine Value="195"/>
        <CursorPos X="51" Y="211"/>
        <UsageCount Value="4"/>
        <DefaultSyntaxHighlighter Value="Delphi"/>
      </Unit144>
      <Unit145>
        <Filename Value="..\arcade\greenberet_hw.pas"/>
        <EditorIndex Value="-1"/>
        <TopLine Value="77"/>
        <CursorPos Y="89"/>
        <UsageCount Value="3"/>
        <DefaultSyntaxHighlighter Value="Delphi"/>
      </Unit145>
      <Unit146>
        <Filename Value="..\arcade\gaelco_hw.pas"/>
        <EditorIndex Value="-1"/>
        <TopLine Value="5"/>
        <CursorPos Y="9"/>
        <UsageCount Value="9"/>
        <DefaultSyntaxHighlighter Value="Delphi"/>
      </Unit146>
      <Unit147>
        <Filename Value="..\arcade\tehkanworldcup_hw.pas"/>
        <EditorIndex Value="-1"/>
        <TopLine Value="25"/>
        <CursorPos X="15" Y="10"/>
        <UsageCount Value="9"/>
        <DefaultSyntaxHighlighter Value="Delphi"/>
      </Unit147>
      <Unit148>
        <Filename Value="..\arcade\mappy_hw.pas"/>
        <EditorIndex Value="-1"/>
        <TopLine Value="625"/>
        <CursorPos X="42" Y="636"/>
        <UsageCount Value="9"/>
        <DefaultSyntaxHighlighter Value="Delphi"/>
      </Unit148>
      <Unit149>
        <Filename Value="..\arcade\galaga_hw.pas"/>
        <EditorIndex Value="-1"/>
        <TopLine Value="522"/>
        <CursorPos X="9" Y="500"/>
        <UsageCount Value="2"/>
        <DefaultSyntaxHighlighter Value="Delphi"/>
      </Unit149>
      <Unit150>
        <Filename Value="..\arcade\hw_1942.pas"/>
        <EditorIndex Value="-1"/>
        <TopLine Value="40"/>
        <CursorPos Y="32"/>
        <UsageCount Value="1"/>
        <DefaultSyntaxHighlighter Value="Delphi"/>
      </Unit150>
      <Unit151>
        <Filename Value="..\cpu\m6502.pas"/>
        <UnitName Value="M6502"/>
        <EditorIndex Value="-1"/>
        <TopLine Value="277"/>
        <CursorPos X="32" Y="286"/>
        <UsageCount Value="9"/>
        <DefaultSyntaxHighlighter Value="Delphi"/>
      </Unit151>
      <Unit152>
        <Filename Value="..\cpu\cpu_misc.pas"/>
        <IsPartOfProject Value="True"/>
        <EditorIndex Value="2"/>
        <CursorPos X="21" Y="15"/>
        <UsageCount Value="200"/>
        <Loaded Value="True"/>
        <DefaultSyntaxHighlighter Value="Delphi"/>
      </Unit152>
      <Unit153>
        <Filename Value="..\devices\z80pio.pas"/>
        <EditorIndex Value="-1"/>
        <CursorPos X="15" Y="4"/>
        <UsageCount Value="9"/>
        <DefaultSyntaxHighlighter Value="Delphi"/>
      </Unit153>
      <Unit154>
        <Filename Value="..\arcade\mrdo_hw.pas"/>
        <EditorIndex Value="-1"/>
        <CursorPos X="44" Y="133"/>
        <UsageCount Value="1"/>
        <DefaultSyntaxHighlighter Value="Delphi"/>
      </Unit154>
      <Unit155>
        <Filename Value="..\arcade\toki_hw.pas"/>
        <EditorIndex Value="-1"/>
        <UsageCount Value="9"/>
        <DefaultSyntaxHighlighter Value="Delphi"/>
      </Unit155>
      <Unit156>
        <Filename Value="..\arcade\timepilot84_hw.pas"/>
        <EditorIndex Value="-1"/>
        <TopLine Value="207"/>
        <CursorPos Y="338"/>
        <UsageCount Value="9"/>
        <DefaultSyntaxHighlighter Value="Delphi"/>
      </Unit156>
      <Unit157>
        <Filename Value="..\arcade\timepilot_hw.pas"/>
        <EditorIndex Value="-1"/>
        <UsageCount Value="9"/>
        <DefaultSyntaxHighlighter Value="Delphi"/>
      </Unit157>
      <Unit158>
        <Filename Value="..\arcade\system2_hw_misc.pas"/>
        <EditorIndex Value="-1"/>
        <TopLine Value="216"/>
        <CursorPos X="40" Y="228"/>
        <UsageCount Value="9"/>
        <DefaultSyntaxHighlighter Value="Delphi"/>
      </Unit158>
      <Unit159>
        <Filename Value="..\arcade\solomonkey_hw.pas"/>
        <EditorIndex Value="-1"/>
        <UsageCount Value="9"/>
        <DefaultSyntaxHighlighter Value="Delphi"/>
      </Unit159>
      <Unit160>
        <Filename Value="..\arcade\sonson_hw.pas"/>
        <EditorIndex Value="-1"/>
        <TopLine Value="313"/>
        <CursorPos Y="337"/>
        <UsageCount Value="9"/>
        <DefaultSyntaxHighlighter Value="Delphi"/>
      </Unit160>
      <Unit161>
        <Filename Value="C:\lazarus\fpc\3.0.0\source\packages\paszlib\src\zinflate.pas"/>
        <EditorIndex Value="-1"/>
        <CursorPos X="10"/>
        <UsageCount Value="9"/>
      </Unit161>
      <Unit162>
        <Filename Value="C:\lazarus\fpc\3.0.0\source\packages\paszlib\src\zcompres.pas"/>
        <UnitName Value="zCompres"/>
        <EditorIndex Value="-1"/>
        <CursorPos X="12" Y="16"/>
        <UsageCount Value="9"/>
      </Unit162>
      <Unit163>
        <Filename Value="C:\lazarus\fpc\3.0.0\source\packages\paszlib\src\zdeflate.pas"/>
        <EditorIndex Value="-1"/>
        <TopLine Value="46"/>
        <CursorPos X="4" Y="63"/>
        <UsageCount Value="9"/>
      </Unit163>
      <Unit164>
        <Filename Value="C:\lazarus\fpc\3.0.0\source\packages\paszlib\src\paszlib.pas"/>
        <EditorIndex Value="-1"/>
        <CursorPos Y="2"/>
        <UsageCount Value="9"/>
      </Unit164>
      <Unit165>
        <Filename Value="C:\lazarus\fpc\3.0.0\source\packages\paszlib\src\zipper.pp"/>
        <EditorIndex Value="-1"/>
        <TopLine Value="454"/>
        <CursorPos X="23" Y="469"/>
        <UsageCount Value="2"/>
      </Unit165>
      <Unit166>
        <Filename Value="C:\lazarus\components\aarre\src\aarrepkglist.pas"/>
        <UnitName Value="AarrePkgList"/>
        <EditorIndex Value="-1"/>
        <TopLine Value="23"/>
        <CursorPos X="29" Y="38"/>
        <UsageCount Value="9"/>
      </Unit166>
      <Unit167>
        <Filename Value="C:\lazarus\components\cairocanvas\cairoprinter.pas"/>
        <UnitName Value="CairoPrinter"/>
        <EditorIndex Value="-1"/>
        <TopLine Value="14"/>
        <CursorPos X="10" Y="38"/>
        <UsageCount Value="1"/>
      </Unit167>
      <Unit168>
        <Filename Value="C:\lazarus\fpc\3.0.0\source\rtl\objpas\classes\classesh.inc"/>
        <EditorIndex Value="-1"/>
        <TopLine Value="825"/>
        <CursorPos X="3" Y="840"/>
        <UsageCount Value="1"/>
      </Unit168>
      <Unit169>
        <Filename Value="unzip\unzip.pas"/>
        <EditorIndex Value="-1"/>
        <TopLine Value="94"/>
        <CursorPos X="34" Y="110"/>
        <UsageCount Value="15"/>
        <DefaultSyntaxHighlighter Value="Delphi"/>
      </Unit169>
      <Unit170>
        <Filename Value="..\misc\unzip2.pas"/>
        <EditorIndex Value="-1"/>
        <TopLine Value="1363"/>
        <CursorPos X="28" Y="1392"/>
        <UsageCount Value="1"/>
        <DefaultSyntaxHighlighter Value="Delphi"/>
      </Unit170>
      <Unit171>
        <Filename Value="..\arcade\pengo_hw.pas"/>
        <EditorIndex Value="-1"/>
        <TopLine Value="81"/>
        <CursorPos X="13" Y="94"/>
        <UsageCount Value="1"/>
        <DefaultSyntaxHighlighter Value="Delphi"/>
      </Unit171>
      <Unit172>
        <Filename Value="..\arcade\trackandfiled_hw.pas"/>
        <EditorIndex Value="-1"/>
        <CursorPos X="18"/>
        <UsageCount Value="2"/>
        <DefaultSyntaxHighlighter Value="Delphi"/>
      </Unit172>
      <Unit173>
        <Filename Value="..\arcade\trackandfield_hw.pas"/>
        <EditorIndex Value="-1"/>
        <TopLine Value="48"/>
        <CursorPos X="37" Y="53"/>
        <UsageCount Value="8"/>
        <DefaultSyntaxHighlighter Value="Delphi"/>
      </Unit173>
      <Unit174>
        <Filename Value="..\misc\ipf_disk.pas"/>
        <EditorIndex Value="-1"/>
        <TopLine Value="222"/>
        <CursorPos X="37" Y="242"/>
        <UsageCount Value="14"/>
        <DefaultSyntaxHighlighter Value="Delphi"/>
      </Unit174>
      <Unit175>
        <Filename Value="..\delphi\cargar_dsk.pas"/>
        <EditorIndex Value="-1"/>
        <TopLine Value="134"/>
        <CursorPos Y="156"/>
        <UsageCount Value="4"/>
        <DefaultSyntaxHighlighter Value="Delphi"/>
      </Unit175>
      <Unit176>
        <Filename Value="C:\lazarus\lcl\include\control.inc"/>
        <EditorIndex Value="-1"/>
        <TopLine Value="2095"/>
        <CursorPos Y="2106"/>
        <UsageCount Value="4"/>
      </Unit176>
      <Unit177>
        <Filename Value="C:\lazarus\lcl\include\customform.inc"/>
        <EditorIndex Value="-1"/>
        <TopLine Value="1445"/>
        <CursorPos Y="1456"/>
        <UsageCount Value="4"/>
      </Unit177>
      <Unit178>
        <Filename Value="C:\lazarus\components\lazutils\lazmethodlist.pas"/>
        <UnitName Value="LazMethodList"/>
        <EditorIndex Value="-1"/>
        <TopLine Value="181"/>
        <CursorPos Y="195"/>
        <UsageCount Value="4"/>
      </Unit178>
      <Unit179>
        <Filename Value="C:\lazarus\lcl\include\wincontrol.inc"/>
        <EditorIndex Value="-1"/>
        <TopLine Value="5366"/>
        <CursorPos Y="5378"/>
        <UsageCount Value="4"/>
      </Unit179>
      <Unit180>
        <Filename Value="C:\lazarus\lcl\lclmessageglue.pas"/>
        <UnitName Value="LCLMessageGlue"/>
        <EditorIndex Value="-1"/>
        <TopLine Value="108"/>
        <CursorPos Y="123"/>
        <UsageCount Value="4"/>
      </Unit180>
      <Unit181>
        <Filename Value="C:\lazarus\lcl\interfaces\win32\win32callback.inc"/>
        <EditorIndex Value="-1"/>
        <TopLine Value="72"/>
        <CursorPos Y="84"/>
        <UsageCount Value="4"/>
      </Unit181>
      <Unit182>
        <Filename Value="C:\lazarus\lcl\interfaces\win32\win32wsforms.pp"/>
        <UnitName Value="Win32WSForms"/>
        <EditorIndex Value="-1"/>
        <TopLine Value="376"/>
        <CursorPos Y="387"/>
        <UsageCount Value="4"/>
      </Unit182>
      <Unit183>
        <Filename Value="..\arcade\megazone_hw.pas"/>
        <EditorIndex Value="-1"/>
        <CursorPos X="80" Y="25"/>
        <UsageCount Value="6"/>
        <DefaultSyntaxHighlighter Value="Delphi"/>
      </Unit183>
      <Unit184>
        <Filename Value="C:\lazarus\fpc\3.0.0\source\rtl\objpas\sysutils\finah.inc"/>
        <EditorIndex Value="-1"/>
        <TopLine Value="13"/>
        <CursorPos X="24" Y="27"/>
        <UsageCount Value="5"/>
      </Unit184>
      <Unit185>
        <Filename Value="C:\Users\leniad\AppData\Local\Temp\7zO01C2169B\upd765.pas"/>
        <EditorIndex Value="-1"/>
        <TopLine Value="227"/>
        <CursorPos Y="240"/>
        <UsageCount Value="5"/>
        <DefaultSyntaxHighlighter Value="Delphi"/>
      </Unit185>
      <Unit186>
        <Filename Value="..\arcade\popeye_hw.pas"/>
        <EditorIndex Value="-1"/>
        <TopLine Value="318"/>
        <CursorPos X="13" Y="330"/>
        <UsageCount Value="5"/>
        <DefaultSyntaxHighlighter Value="Delphi"/>
      </Unit186>
      <Unit187>
        <Filename Value="..\misc\lib_sdl2.inc"/>
        <EditorIndex Value="-1"/>
        <TopLine Value="97"/>
        <CursorPos X="5" Y="62"/>
        <UsageCount Value="10"/>
        <DefaultSyntaxHighlighter Value="Delphi"/>
      </Unit187>
      <Unit188>
        <Filename Value="..\arcade\shaolinsroad_hw.pas"/>
        <EditorIndex Value="-1"/>
        <TopLine Value="112"/>
        <CursorPos X="10" Y="137"/>
        <UsageCount Value="5"/>
        <DefaultSyntaxHighlighter Value="Delphi"/>
      </Unit188>
      <Unit189>
        <Filename Value="..\devices\i8243.pas"/>
        <EditorIndex Value="-1"/>
        <CursorPos X="6" Y="4"/>
        <UsageCount Value="5"/>
        <DefaultSyntaxHighlighter Value="Delphi"/>
      </Unit189>
      <Unit190>
        <Filename Value="..\devices\k051316.pas"/>
        <EditorIndex Value="-1"/>
        <CursorPos X="39" Y="4"/>
        <UsageCount Value="5"/>
        <DefaultSyntaxHighlighter Value="Delphi"/>
      </Unit190>
      <Unit191>
        <Filename Value="..\arcade\ajax_hw.pas"/>
        <EditorIndex Value="-1"/>
        <TopLine Value="152"/>
        <CursorPos Y="161"/>
        <UsageCount Value="10"/>
        <DefaultSyntaxHighlighter Value="Delphi"/>
      </Unit191>
      <Unit192>
        <Filename Value="..\consolas\sms.pas"/>
        <EditorIndex Value="-1"/>
        <TopLine Value="303"/>
        <CursorPos X="68" Y="312"/>
        <UsageCount Value="9"/>
        <DefaultSyntaxHighlighter Value="Delphi"/>
      </Unit192>
      <Unit193>
        <Filename Value="..\misc\misc_functions.pas"/>
        <EditorIndex Value="-1"/>
        <TopLine Value="235"/>
        <CursorPos X="75" Y="244"/>
        <UsageCount Value="7"/>
        <DefaultSyntaxHighlighter Value="Delphi"/>
      </Unit193>
      <Unit194>
        <Filename Value="C:\lazarus\fpc\3.0.0\source\rtl\win32\system.pp"/>
        <UnitName Value="System"/>
        <EditorIndex Value="-1"/>
        <CursorPos X="9" Y="3"/>
        <UsageCount Value="6"/>
      </Unit194>
      <Unit195>
        <Filename Value="..\arcade\sauro_hw.pas"/>
        <IsPartOfProject Value="True"/>
        <EditorIndex Value="-1"/>
        <TopLine Value="49"/>
        <CursorPos X="14" Y="53"/>
        <UsageCount Value="80"/>
        <DefaultSyntaxHighlighter Value="Delphi"/>
      </Unit195>
      <Unit196>
        <Filename Value="..\arcade\vendetta_hw.pas"/>
        <EditorIndex Value="-1"/>
        <TopLine Value="284"/>
        <CursorPos Y="305"/>
        <UsageCount Value="8"/>
        <DefaultSyntaxHighlighter Value="Delphi"/>
      </Unit196>
      <Unit197>
        <Filename Value="..\arcade\crazyclimber_hw.pas"/>
        <EditorIndex Value="-1"/>
        <TopLine Value="61"/>
        <CursorPos X="15" Y="64"/>
        <UsageCount Value="15"/>
        <DefaultSyntaxHighlighter Value="Delphi"/>
      </Unit197>
      <Unit198>
        <Filename Value="..\arcade\gng_hw.pas"/>
        <EditorIndex Value="-1"/>
        <TopLine Value="46"/>
        <UsageCount Value="8"/>
        <DefaultSyntaxHighlighter Value="Delphi"/>
      </Unit198>
      <Unit199>
        <Filename Value="C:\lazarus\lcl\filectrl.pp"/>
        <UnitName Value="FileCtrl"/>
        <EditorIndex Value="-1"/>
        <TopLine Value="306"/>
        <CursorPos X="27" Y="315"/>
        <UsageCount Value="8"/>
      </Unit199>
      <Unit200>
        <Filename Value="..\misc\sprite_engine.pas"/>
        <EditorIndex Value="-1"/>
        <CursorPos X="5"/>
        <UsageCount Value="9"/>
        <DefaultSyntaxHighlighter Value="Delphi"/>
      </Unit200>
      <Unit201>
        <Filename Value="..\arcade\returnofinvaders_hw.pas"/>
        <EditorIndex Value="-1"/>
        <TopLine Value="270"/>
        <CursorPos X="19" Y="279"/>
        <UsageCount Value="11"/>
        <DefaultSyntaxHighlighter Value="Delphi"/>
      </Unit201>
      <Unit202>
        <Filename Value="..\gnw\gnw_510.pas"/>
        <IsPartOfProject Value="True"/>
        <EditorIndex Value="4"/>
        <TopLine Value="109"/>
        <CursorPos X="29" Y="114"/>
        <UsageCount Value="35"/>
        <Loaded Value="True"/>
        <DefaultSyntaxHighlighter Value="Delphi"/>
      </Unit202>
      <Unit203>
        <Filename Value="..\cpu\sm510.pas"/>
        <IsVisibleTab Value="True"/>
        <EditorIndex Value="1"/>
        <TopLine Value="260"/>
        <CursorPos X="44" Y="265"/>
        <UsageCount Value="17"/>
        <Loaded Value="True"/>
        <DefaultSyntaxHighlighter Value="Delphi"/>
      </Unit203>
    </Units>
    <JumpHistory Count="30" HistoryIndex="29">
      <Position1>
        <Filename Value="..\cpu\sm510.pas"/>
        <Caret Line="111" Column="18" TopLine="96"/>
      </Position1>
      <Position2>
        <Filename Value="..\cpu\sm510.pas"/>
        <Caret Line="108" Column="38" TopLine="99"/>
      </Position2>
      <Position3>
        <Filename Value="..\cpu\sm510.pas"/>
        <Caret Line="33" Column="24" TopLine="28"/>
      </Position3>
      <Position4>
        <Filename Value="..\cpu\sm510.pas"/>
        <Caret Line="355" Column="51" TopLine="347"/>
      </Position4>
      <Position5>
        <Filename Value="..\cpu\sm510.pas"/>
        <Caret Line="34" Column="28" TopLine="19"/>
      </Position5>
      <Position6>
        <Filename Value="..\cpu\sm510.pas"/>
        <Caret Line="138" Column="21" TopLine="129"/>
      </Position6>
      <Position7>
        <Filename Value="..\cpu\sm510.pas"/>
        <Caret Line="21" Column="66" TopLine="10"/>
      </Position7>
      <Position8>
        <Filename Value="..\cpu\sm510.pas"/>
        <Caret Line="356" TopLine="348"/>
      </Position8>
      <Position9>
        <Filename Value="..\cpu\sm510.pas"/>
        <Caret Line="357" TopLine="348"/>
      </Position9>
      <Position10>
        <Filename Value="..\cpu\sm510.pas"/>
        <Caret Line="411" TopLine="400"/>
      </Position10>
      <Position11>
        <Filename Value="..\cpu\sm510.pas"/>
        <Caret Line="412" TopLine="400"/>
      </Position11>
      <Position12>
        <Filename Value="..\cpu\sm510.pas"/>
        <Caret Line="413" TopLine="400"/>
      </Position12>
      <Position13>
        <Filename Value="..\cpu\sm510.pas"/>
        <Caret Line="269" TopLine="259"/>
      </Position13>
      <Position14>
        <Filename Value="..\cpu\sm510.pas"/>
        <Caret Line="274" TopLine="259"/>
      </Position14>
      <Position15>
        <Filename Value="..\cpu\sm510.pas"/>
        <Caret Line="275" TopLine="259"/>
      </Position15>
      <Position16>
        <Filename Value="..\cpu\sm510.pas"/>
        <Caret Line="276" TopLine="260"/>
      </Position16>
      <Position17>
        <Filename Value="..\cpu\sm510.pas"/>
        <Caret Line="277" TopLine="261"/>
      </Position17>
      <Position18>
        <Filename Value="..\cpu\sm510.pas"/>
        <Caret Line="278" TopLine="262"/>
      </Position18>
      <Position19>
        <Filename Value="..\cpu\sm510.pas"/>
        <Caret Line="279" TopLine="263"/>
      </Position19>
      <Position20>
        <Filename Value="..\cpu\sm510.pas"/>
        <Caret Line="280" TopLine="265"/>
      </Position20>
      <Position21>
        <Filename Value="..\cpu\sm510.pas"/>
        <Caret Line="284" TopLine="275"/>
      </Position21>
      <Position22>
        <Filename Value="..\cpu\sm510.pas"/>
        <Caret Line="303" TopLine="294"/>
      </Position22>
      <Position23>
        <Filename Value="..\cpu\sm510.pas"/>
        <Caret Line="338" TopLine="329"/>
      </Position23>
      <Position24>
        <Filename Value="..\cpu\sm510.pas"/>
        <Caret Line="401" TopLine="392"/>
      </Position24>
      <Position25>
        <Filename Value="..\cpu\sm510.pas"/>
        <Caret Line="411" TopLine="400"/>
      </Position25>
      <Position26>
        <Filename Value="..\cpu\sm510.pas"/>
        <Caret Line="412" TopLine="400"/>
      </Position26>
      <Position27>
        <Filename Value="..\cpu\sm510.pas"/>
        <Caret Line="413" TopLine="400"/>
      </Position27>
      <Position28>
        <Filename Value="..\cpu\sm510.pas"/>
        <Caret Line="269" TopLine="259"/>
      </Position28>
      <Position29>
        <Filename Value="..\cpu\sm510.pas"/>
        <Caret Line="274" TopLine="259"/>
      </Position29>
      <Position30>
        <Filename Value="..\cpu\sm510.pas"/>
        <Caret Line="275" TopLine="259"/>
      </Position30>
    </JumpHistory>
  </ProjectOptions>
  <CompilerOptions>
    <Version Value="11"/>
    <PathDelim Value="\"/>
    <Target>
      <Filename Value="..\..\dsp_lazarus"/>
    </Target>
    <SearchPaths>
      <IncludeFiles Value="$(ProjOutDir)"/>
      <Libraries Value="\usr\local\lib;\usr\X11\lib"/>
      <OtherUnitFiles Value="..\ordenadores;..\cpu\z80;..\arcade;..\snd;..\devices;..\misc;..\consolas;..\arcade\misc;..\cpu;zlibex;..\ordenadores\misc;..\gnw"/>
      <UnitOutputDirectory Value="obj"/>
    </SearchPaths>
    <Parsing>
      <SyntaxOptions>
        <SyntaxMode Value="Delphi"/>
        <CStyleOperator Value="False"/>
        <AllowLabel Value="False"/>
        <UseAnsiStrings Value="False"/>
      </SyntaxOptions>
    </Parsing>
    <CodeGeneration>
      <Optimizations>
        <OptimizationLevel Value="3"/>
      </Optimizations>
    </CodeGeneration>
    <Linking>
      <Options>
        <Win32>
          <GraphicApplication Value="True"/>
        </Win32>
      </Options>
    </Linking>
    <Other>
      <CreateMakefileOnBuild Value="True"/>
    </Other>
  </CompilerOptions>
  <Debugging>
    <BreakPoints Count="10">
      <Item1>
        <Kind Value="bpkSource"/>
        <WatchScope Value="wpsLocal"/>
        <WatchKind Value="wpkWrite"/>
        <Source Value="unzip\unzip.pas"/>
        <Line Value="110"/>
      </Item1>
      <Item2>
        <Kind Value="bpkSource"/>
        <WatchScope Value="wpsLocal"/>
        <WatchKind Value="wpkWrite"/>
        <Source Value="..\arcade\vendetta_hw.pas"/>
        <Line Value="297"/>
      </Item2>
      <Item3>
        <Kind Value="bpkAddress"/>
        <WatchScope Value="wpsLocal"/>
        <WatchKind Value="wpkWrite"/>
        <Actions Stop="False"/>
      </Item3>
      <Item4>
        <Kind Value="bpkSource"/>
        <WatchScope Value="wpsLocal"/>
        <WatchKind Value="wpkWrite"/>
        <Source Value="..\cpu\sm510.pas"/>
        <Line Value="340"/>
      </Item4>
      <Item5>
        <Kind Value="bpkSource"/>
        <WatchScope Value="wpsLocal"/>
        <WatchKind Value="wpkWrite"/>
        <Source Value="..\cpu\sm510.pas"/>
        <Line Value="350"/>
      </Item5>
      <Item6>
        <Kind Value="bpkSource"/>
        <WatchScope Value="wpsLocal"/>
        <WatchKind Value="wpkWrite"/>
        <Source Value="..\cpu\sm510.pas"/>
        <Line Value="367"/>
      </Item6>
      <Item7>
        <Kind Value="bpkSource"/>
        <WatchScope Value="wpsLocal"/>
        <WatchKind Value="wpkWrite"/>
        <Source Value="..\cpu\sm510.pas"/>
        <Line Value="368"/>
      </Item7>
      <Item8>
        <Kind Value="bpkSource"/>
        <WatchScope Value="wpsLocal"/>
        <WatchKind Value="wpkWrite"/>
        <Source Value="..\cpu\sm510.pas"/>
        <Line Value="376"/>
      </Item8>
      <Item9>
        <Kind Value="bpkSource"/>
        <WatchScope Value="wpsLocal"/>
        <WatchKind Value="wpkWrite"/>
        <Source Value="..\cpu\sm510.pas"/>
        <Line Value="400"/>
      </Item9>
      <Item10>
        <Kind Value="bpkSource"/>
        <WatchScope Value="wpsLocal"/>
        <WatchKind Value="wpkWrite"/>
        <Source Value="..\cpu\sm510.pas"/>
        <Line Value="356"/>
      </Item10>
    </BreakPoints>
    <Exceptions Count="10">
      <Item1>
        <Name Value="EAbort"/>
      </Item1>
      <Item2>
        <Name Value="ECodetoolError"/>
      </Item2>
      <Item3>
        <Name Value="EFOpenError"/>
      </Item3>
      <Item4>
        <Name Value="EInvalidOperation"/>
      </Item4>
      <Item5>
        <Name Value="PixelCanvasException"/>
      </Item5>
      <Item6>
        <Name Value="Exception"/>
      </Item6>
      <Item7>
        <Name Value="PNGImageException"/>
      </Item7>
      <Item8>
        <Name Value="EInvalidPointer"/>
      </Item8>
      <Item9>
        <Name Value="EZDecompressionError"/>
      </Item9>
      <Item10>
        <Name Value="EInOutError"/>
      </Item10>
    </Exceptions>
  </Debugging>
</CONFIG>
