<?xml version="1.0" encoding="UTF-8"?>
<CONFIG>
  <ProjectOptions>
    <Version Value="12"/>
    <PathDelim Value="\"/>
    <General>
      <Flags>
        <CompatibilityMode Value="True"/>
      </Flags>
      <Title Value="DSP Emulator"/>
      <Scaled Value="True"/>
      <UseXPManifest Value="True"/>
      <Icon Value="0"/>
    </General>
    <VersionInfo>
      <UseVersionInfo Value="True"/>
      <AutoIncrementBuild Value="True"/>
      <MinorVersionNr Value="24"/>
      <RevisionNr Value="2"/>
      <BuildNr Value="1421"/>
      <Language Value="040A"/>
      <StringTable CompanyName="Leniad" InternalName="Mi Emulador!" LegalCopyright="Leniad" OriginalFilename="DSP Emulator" ProductName="DSP Emulator" ProductVersion="0.24"/>
    </VersionInfo>
    <BuildModes Count="1">
      <Item1 Name="default" Default="True"/>
    </BuildModes>
    <PublishOptions>
      <Version Value="2"/>
      <DestinationDirectory Value="\home\dani\dsp\lazarus"/>
    </PublishOptions>
    <RunParams>
      <FormatVersion Value="2"/>
      <Modes Count="1">
        <Mode0 Name="default"/>
      </Modes>
    </RunParams>
    <RequiredPackages Count="2">
      <Item1>
        <PackageName Value="LCLBase"/>
        <MinVersion Major="1" Release="1" Valid="True"/>
      </Item1>
      <Item2>
        <PackageName Value="LCL"/>
      </Item2>
    </RequiredPackages>
    <Units Count="102">
      <Unit0>
        <Filename Value="dsp.lpr"/>
        <IsPartOfProject Value="True"/>
        <EditorIndex Value="-1"/>
        <TopLine Value="14"/>
        <CursorPos Y="40"/>
        <UsageCount Value="200"/>
        <DefaultSyntaxHighlighter Value="Delphi"/>
      </Unit0>
      <Unit1>
        <Filename Value="principal.pas"/>
        <IsPartOfProject Value="True"/>
        <ComponentName Value="principal1"/>
        <HasResources Value="True"/>
        <ResourceBaseClass Value="Form"/>
        <IsVisibleTab Value="True"/>
        <TopLine Value="958"/>
        <CursorPos X="7" Y="980"/>
        <UsageCount Value="200"/>
        <Loaded Value="True"/>
        <LoadedDesigner Value="True"/>
      </Unit1>
      <Unit2>
        <Filename Value="..\ordenadores\spectrum_misc.pas"/>
        <IsPartOfProject Value="True"/>
        <TopLine Value="190"/>
        <CursorPos X="46" Y="204"/>
        <UsageCount Value="200"/>
        <DefaultSyntaxHighlighter Value="Delphi"/>
      </Unit2>
      <Unit3>
        <Filename Value="..\snd\dac.pas"/>
        <IsPartOfProject Value="True"/>
        <EditorIndex Value="-1"/>
        <TopLine Value="22"/>
        <CursorPos X="50" Y="4"/>
        <UsageCount Value="204"/>
        <DefaultSyntaxHighlighter Value="Delphi"/>
      </Unit3>
      <Unit4>
        <Filename Value="..\cpu\m6800\m680x.pas"/>
        <IsPartOfProject Value="True"/>
        <TopLine Value="48"/>
        <CursorPos X="56" Y="58"/>
        <UsageCount Value="200"/>
        <DefaultSyntaxHighlighter Value="Delphi"/>
      </Unit4>
      <Unit5>
        <Filename Value="..\arcade\nmk16.pas"/>
        <IsPartOfProject Value="True"/>
        <UsageCount Value="200"/>
        <DefaultSyntaxHighlighter Value="Delphi"/>
      </Unit5>
      <Unit6>
        <Filename Value="..\arcade\knucklejoe.pas"/>
        <IsPartOfProject Value="True"/>
        <CursorPos X="7" Y="5"/>
        <UsageCount Value="200"/>
        <DefaultSyntaxHighlighter Value="Delphi"/>
      </Unit6>
      <Unit7>
        <Filename Value="..\arcade\wardner_hw.pas"/>
        <IsPartOfProject Value="True"/>
        <EditorIndex Value="-1"/>
        <TopLine Value="332"/>
        <CursorPos X="15" Y="348"/>
        <UsageCount Value="200"/>
        <DefaultSyntaxHighlighter Value="Delphi"/>
      </Unit7>
      <Unit8>
        <Filename Value="..\cpu\tms32010\tms32010.pas"/>
        <IsPartOfProject Value="True"/>
        <CursorPos X="34" Y="7"/>
        <UsageCount Value="200"/>
        <DefaultSyntaxHighlighter Value="Delphi"/>
      </Unit8>
      <Unit9>
        <Filename Value="..\misc\rom_engine.pas"/>
        <IsPartOfProject Value="True"/>
        <EditorIndex Value="-1"/>
        <TopLine Value="27"/>
        <CursorPos X="10" Y="38"/>
        <UsageCount Value="200"/>
        <DefaultSyntaxHighlighter Value="Delphi"/>
      </Unit9>
      <Unit10>
        <Filename Value="..\cpu\mb88xx\mb88xx.pas"/>
        <IsPartOfProject Value="True"/>
        <TopLine Value="51"/>
        <CursorPos X="22" Y="61"/>
        <UsageCount Value="200"/>
        <DefaultSyntaxHighlighter Value="Delphi"/>
      </Unit10>
      <Unit11>
        <Filename Value="..\cpu\nec\nec_v20_v30.pas"/>
        <IsPartOfProject Value="True"/>
        <CursorPos X="34" Y="9"/>
        <UsageCount Value="200"/>
        <DefaultSyntaxHighlighter Value="Delphi"/>
      </Unit11>
      <Unit12>
        <Filename Value="..\cpu\hd6309\hd6309.pas"/>
        <IsPartOfProject Value="True"/>
        <TopLine Value="1179"/>
        <CursorPos X="46" Y="1190"/>
        <UsageCount Value="200"/>
        <DefaultSyntaxHighlighter Value="Delphi"/>
      </Unit12>
      <Unit13>
        <Filename Value="..\misc\controls_engine.pas"/>
        <IsPartOfProject Value="True"/>
        <EditorIndex Value="-1"/>
        <TopLine Value="484"/>
        <CursorPos X="52" Y="514"/>
        <UsageCount Value="200"/>
        <DefaultSyntaxHighlighter Value="Delphi"/>
      </Unit13>
      <Unit14>
        <Filename Value="acercade.pas"/>
        <IsPartOfProject Value="True"/>
        <ComponentName Value="Aboutbox"/>
        <HasResources Value="True"/>
        <ResourceBaseClass Value="Form"/>
        <EditorIndex Value="-1"/>
        <TopLine Value="41"/>
        <CursorPos X="33" Y="52"/>
        <UsageCount Value="200"/>
        <DefaultSyntaxHighlighter Value="Delphi"/>
      </Unit14>
      <Unit15>
        <Filename Value="loadrom.pas"/>
        <IsPartOfProject Value="True"/>
        <ComponentName Value="FLoadRom"/>
        <HasResources Value="True"/>
        <ResourceBaseClass Value="Form"/>
        <UnitName Value="LoadRom"/>
        <EditorIndex Value="-1"/>
        <TopLine Value="231"/>
        <CursorPos X="32" Y="257"/>
        <UsageCount Value="200"/>
        <DefaultSyntaxHighlighter Value="Delphi"/>
      </Unit15>
      <Unit16>
        <Filename Value="config_general.pas"/>
        <IsPartOfProject Value="True"/>
        <ComponentName Value="MConfig"/>
        <HasResources Value="True"/>
        <ResourceBaseClass Value="Form"/>
        <EditorIndex Value="-1"/>
        <TopLine Value="366"/>
        <CursorPos X="3" Y="403"/>
        <UsageCount Value="202"/>
        <DefaultSyntaxHighlighter Value="Delphi"/>
      </Unit16>
      <Unit17>
        <Filename Value="redefine.pas"/>
        <IsPartOfProject Value="True"/>
        <ComponentName Value="redefine1"/>
        <HasResources Value="True"/>
        <ResourceBaseClass Value="Form"/>
        <EditorIndex Value="-1"/>
        <CursorPos X="45" Y="9"/>
        <UsageCount Value="200"/>
        <DefaultSyntaxHighlighter Value="Delphi"/>
      </Unit17>
      <Unit18>
        <Filename Value="..\cpu\m6805\m6805.pas"/>
        <IsPartOfProject Value="True"/>
        <TopLine Value="65"/>
        <CursorPos X="58" Y="85"/>
        <UsageCount Value="200"/>
        <DefaultSyntaxHighlighter Value="Delphi"/>
      </Unit18>
      <Unit19>
        <Filename Value="..\consolas\coleco.pas"/>
        <IsPartOfProject Value="True"/>
        <EditorIndex Value="-1"/>
        <UsageCount Value="200"/>
        <DefaultSyntaxHighlighter Value="Delphi"/>
      </Unit19>
      <Unit20>
        <Filename Value="..\arcade\misc\konami_decrypt.pas"/>
        <IsPartOfProject Value="True"/>
        <CursorPos X="10" Y="10"/>
        <UsageCount Value="200"/>
        <DefaultSyntaxHighlighter Value="Delphi"/>
      </Unit20>
      <Unit21>
        <Filename Value="..\consolas\tms99xx.pas"/>
        <IsPartOfProject Value="True"/>
        <CursorPos X="49" Y="5"/>
        <UsageCount Value="200"/>
        <DefaultSyntaxHighlighter Value="Delphi"/>
      </Unit21>
      <Unit22>
        <Filename Value="..\arcade\snowbros_hw.pas"/>
        <IsPartOfProject Value="True"/>
        <EditorIndex Value="-1"/>
        <UsageCount Value="200"/>
        <DefaultSyntaxHighlighter Value="Delphi"/>
      </Unit22>
      <Unit23>
        <Filename Value="..\cpu\mcs51\mcs51.pas"/>
        <IsPartOfProject Value="True"/>
        <UsageCount Value="202"/>
        <DefaultSyntaxHighlighter Value="Delphi"/>
      </Unit23>
      <Unit24>
        <Filename Value="..\misc\sound_engine.pas"/>
        <IsPartOfProject Value="True"/>
        <EditorIndex Value="-1"/>
        <TopLine Value="180"/>
        <CursorPos X="21" Y="180"/>
        <UsageCount Value="200"/>
        <DefaultSyntaxHighlighter Value="Delphi"/>
      </Unit24>
      <Unit25>
        <Filename Value="..\devices\upd765.pas"/>
        <IsPartOfProject Value="True"/>
        <EditorIndex Value="-1"/>
        <CursorPos X="3" Y="16"/>
        <UsageCount Value="208"/>
        <DefaultSyntaxHighlighter Value="Delphi"/>
      </Unit25>
      <Unit26>
        <Filename Value="cargar_dsk.pas"/>
        <IsPartOfProject Value="True"/>
        <ComponentName Value="load_dsk"/>
        <HasResources Value="True"/>
        <ResourceBaseClass Value="Form"/>
        <EditorIndex Value="-1"/>
        <TopLine Value="152"/>
        <CursorPos X="22" Y="166"/>
        <UsageCount Value="200"/>
        <DefaultSyntaxHighlighter Value="Delphi"/>
      </Unit26>
      <Unit27>
        <Filename Value="tape_window.pas"/>
        <IsPartOfProject Value="True"/>
        <ComponentName Value="tape_window1"/>
        <HasResources Value="True"/>
        <ResourceBaseClass Value="Form"/>
        <EditorIndex Value="-1"/>
        <TopLine Value="26"/>
        <CursorPos X="36" Y="47"/>
        <UsageCount Value="221"/>
        <DefaultSyntaxHighlighter Value="Delphi"/>
      </Unit27>
      <Unit28>
        <Filename Value="cargar_spec.pas"/>
        <IsPartOfProject Value="True"/>
        <ComponentName Value="load_spec"/>
        <HasResources Value="True"/>
        <ResourceBaseClass Value="Form"/>
        <EditorIndex Value="-1"/>
        <TopLine Value="62"/>
        <CursorPos X="40" Y="86"/>
        <UsageCount Value="224"/>
        <DefaultSyntaxHighlighter Value="Delphi"/>
      </Unit28>
      <Unit29>
        <Filename Value="lenslock.pas"/>
        <IsPartOfProject Value="True"/>
        <ComponentName Value="lenslock1"/>
        <HasResources Value="True"/>
        <ResourceBaseClass Value="Form"/>
        <EditorIndex Value="-1"/>
        <TopLine Value="125"/>
        <CursorPos X="66" Y="136"/>
        <UsageCount Value="224"/>
        <DefaultSyntaxHighlighter Value="Delphi"/>
      </Unit29>
      <Unit30>
        <Filename Value="config.pas"/>
        <IsPartOfProject Value="True"/>
        <ComponentName Value="ConfigSP"/>
        <HasResources Value="True"/>
        <ResourceBaseClass Value="Form"/>
        <EditorIndex Value="-1"/>
        <TopLine Value="238"/>
        <CursorPos X="22" Y="251"/>
        <UsageCount Value="224"/>
        <DefaultSyntaxHighlighter Value="Delphi"/>
      </Unit30>
      <Unit31>
        <Filename Value="..\cpu\hu6280.pas"/>
        <IsPartOfProject Value="True"/>
        <EditorIndex Value="-1"/>
        <TopLine Value="162"/>
        <CursorPos X="30" Y="174"/>
        <UsageCount Value="200"/>
        <DefaultSyntaxHighlighter Value="Delphi"/>
      </Unit31>
      <Unit32>
        <Filename Value="arcade_config.pas"/>
        <IsPartOfProject Value="True"/>
        <ComponentName Value="config_arcade"/>
        <HasResources Value="True"/>
        <ResourceBaseClass Value="Form"/>
        <EditorIndex Value="-1"/>
        <TopLine Value="36"/>
        <CursorPos X="25" Y="72"/>
        <UsageCount Value="301"/>
        <DefaultSyntaxHighlighter Value="Delphi"/>
      </Unit32>
      <Unit33>
        <Filename Value="joystick_calibration.pas"/>
        <ComponentName Value="joy_calibration"/>
        <HasResources Value="True"/>
        <ResourceBaseClass Value="Form"/>
        <EditorIndex Value="-1"/>
        <TopLine Value="54"/>
        <CursorPos X="14" Y="65"/>
        <UsageCount Value="224"/>
        <DefaultSyntaxHighlighter Value="Delphi"/>
      </Unit33>
      <Unit34>
        <Filename Value="..\consolas\sega_vdp.pas"/>
        <IsPartOfProject Value="True"/>
        <EditorIndex Value="-1"/>
        <TopLine Value="27"/>
        <CursorPos X="28" Y="637"/>
        <UsageCount Value="236"/>
        <DefaultSyntaxHighlighter Value="Delphi"/>
      </Unit34>
      <Unit35>
        <Filename Value="config_sms.pas"/>
        <IsPartOfProject Value="True"/>
        <ComponentName Value="SMSConfig"/>
        <HasResources Value="True"/>
        <ResourceBaseClass Value="Form"/>
        <EditorIndex Value="-1"/>
        <TopLine Value="53"/>
        <CursorPos X="5" Y="80"/>
        <UsageCount Value="213"/>
        <DefaultSyntaxHighlighter Value="Delphi"/>
      </Unit35>
      <Unit36>
        <Filename Value="..\misc\lib_sdl2.pas"/>
        <IsPartOfProject Value="True"/>
        <EditorIndex Value="-1"/>
        <TopLine Value="95"/>
        <CursorPos X="3" Y="112"/>
        <UsageCount Value="208"/>
        <DefaultSyntaxHighlighter Value="Delphi"/>
      </Unit36>
      <Unit37>
        <Filename Value="config_cpc.pas"/>
        <IsPartOfProject Value="True"/>
        <ComponentName Value="configcpc"/>
        <HasResources Value="True"/>
        <ResourceBaseClass Value="Form"/>
        <EditorIndex Value="-1"/>
        <TopLine Value="112"/>
        <CursorPos X="5" Y="131"/>
        <UsageCount Value="200"/>
        <DefaultSyntaxHighlighter Value="Delphi"/>
      </Unit37>
      <Unit38>
        <Filename Value="..\misc\kaillera.pas"/>
        <IsPartOfProject Value="True"/>
        <EditorIndex Value="-1"/>
        <TopLine Value="20"/>
        <CursorPos X="31" Y="24"/>
        <UsageCount Value="200"/>
        <DefaultSyntaxHighlighter Value="Delphi"/>
      </Unit38>
      <Unit39>
        <Filename Value="..\arcade\karnov_hw.pas"/>
        <IsPartOfProject Value="True"/>
        <EditorIndex Value="-1"/>
        <TopLine Value="603"/>
        <CursorPos X="64" Y="609"/>
        <UsageCount Value="201"/>
        <DefaultSyntaxHighlighter Value="Delphi"/>
      </Unit39>
      <Unit40>
        <Filename Value="..\arcade\thunderx_hw.pas"/>
        <IsPartOfProject Value="True"/>
        <EditorIndex Value="-1"/>
        <UsageCount Value="200"/>
        <DefaultSyntaxHighlighter Value="Delphi"/>
      </Unit40>
      <Unit41>
        <Filename Value="..\arcade\misc\k053246_k053247_k055673.pas"/>
        <IsPartOfProject Value="True"/>
        <EditorIndex Value="-1"/>
        <TopLine Value="46"/>
        <CursorPos X="20" Y="61"/>
        <UsageCount Value="200"/>
        <DefaultSyntaxHighlighter Value="Delphi"/>
      </Unit41>
      <Unit42>
        <Filename Value="..\cpu\cpu_misc.pas"/>
        <IsPartOfProject Value="True"/>
        <EditorIndex Value="-1"/>
        <TopLine Value="15"/>
        <CursorPos X="23" Y="39"/>
        <UsageCount Value="200"/>
        <DefaultSyntaxHighlighter Value="Delphi"/>
      </Unit42>
      <Unit43>
        <Filename Value="..\misc\misc_functions.pas"/>
        <IsPartOfProject Value="True"/>
        <EditorIndex Value="-1"/>
        <TopLine Value="45"/>
        <CursorPos X="23" Y="56"/>
        <UsageCount Value="316"/>
        <DefaultSyntaxHighlighter Value="Delphi"/>
      </Unit43>
      <Unit44>
        <Filename Value="..\arcade\sauro_hw.pas"/>
        <IsPartOfProject Value="True"/>
        <EditorIndex Value="-1"/>
        <TopLine Value="49"/>
        <CursorPos X="14" Y="53"/>
        <UsageCount Value="200"/>
        <DefaultSyntaxHighlighter Value="Delphi"/>
      </Unit44>
      <Unit45>
        <Filename Value="..\gnw\gnw_510.pas"/>
        <IsPartOfProject Value="True"/>
        <EditorIndex Value="-1"/>
        <CursorPos X="16" Y="6"/>
        <UsageCount Value="200"/>
        <DefaultSyntaxHighlighter Value="Delphi"/>
      </Unit45>
      <Unit46>
        <Filename Value="..\consolas\sega_gg.pas"/>
        <IsPartOfProject Value="True"/>
        <EditorIndex Value="-1"/>
        <TopLine Value="195"/>
        <CursorPos X="58" Y="207"/>
        <UsageCount Value="307"/>
        <DefaultSyntaxHighlighter Value="Delphi"/>
      </Unit46>
      <Unit47>
        <Filename Value="config_gb.pas"/>
        <IsPartOfProject Value="True"/>
        <ComponentName Value="configgb"/>
        <HasResources Value="True"/>
        <ResourceBaseClass Value="Form"/>
        <EditorIndex Value="-1"/>
        <TopLine Value="34"/>
        <CursorPos X="12" Y="40"/>
        <UsageCount Value="207"/>
        <DefaultSyntaxHighlighter Value="Delphi"/>
      </Unit47>
      <Unit48>
        <Filename Value="..\misc\init_games.pas"/>
        <EditorIndex Value="-1"/>
        <TopLine Value="1474"/>
        <CursorPos X="45" Y="1493"/>
        <UsageCount Value="10"/>
      </Unit48>
      <Unit49>
        <Filename Value="..\consolas\super_cassette_vision.pas"/>
        <EditorIndex Value="-1"/>
        <TopLine Value="297"/>
        <CursorPos X="22" Y="314"/>
        <UsageCount Value="80"/>
        <DefaultSyntaxHighlighter Value="Delphi"/>
      </Unit49>
      <Unit50>
        <Filename Value="..\consolas\sms.pas"/>
        <EditorIndex Value="-1"/>
        <TopLine Value="272"/>
        <CursorPos X="24" Y="289"/>
        <UsageCount Value="82"/>
        <DefaultSyntaxHighlighter Value="Delphi"/>
      </Unit50>
      <Unit51>
        <Filename Value="..\misc\snapshot.pas"/>
        <EditorIndex Value="-1"/>
        <TopLine Value="2155"/>
        <CursorPos Y="2115"/>
        <UsageCount Value="81"/>
        <DefaultSyntaxHighlighter Value="Delphi"/>
      </Unit51>
      <Unit52>
        <Filename Value="..\consolas\sg1000.pas"/>
        <EditorIndex Value="-1"/>
        <TopLine Value="50"/>
        <CursorPos Y="73"/>
        <UsageCount Value="79"/>
        <DefaultSyntaxHighlighter Value="Delphi"/>
      </Unit52>
      <Unit53>
        <Filename Value="..\consolas\nes.pas"/>
        <EditorIndex Value="-1"/>
        <TopLine Value="79"/>
        <CursorPos Y="90"/>
        <UsageCount Value="8"/>
        <DefaultSyntaxHighlighter Value="Delphi"/>
      </Unit53>
      <Unit54>
        <Filename Value="..\consolas\nes_ppu.pas"/>
        <EditorIndex Value="-1"/>
        <TopLine Value="522"/>
        <CursorPos Y="534"/>
        <UsageCount Value="8"/>
        <DefaultSyntaxHighlighter Value="Delphi"/>
      </Unit54>
      <Unit55>
        <Filename Value="..\snd\oki6295.pas"/>
        <EditorIndex Value="-1"/>
        <TopLine Value="248"/>
        <CursorPos X="9" Y="255"/>
        <UsageCount Value="8"/>
        <DefaultSyntaxHighlighter Value="Delphi"/>
      </Unit55>
      <Unit56>
        <Filename Value="..\ordenadores\amstrad_cpc.pas"/>
        <EditorIndex Value="-1"/>
        <CursorPos X="27" Y="12"/>
        <UsageCount Value="10"/>
      </Unit56>
      <Unit57>
        <Filename Value="..\arcade\caloriekun_hw.pas"/>
        <EditorIndex Value="-1"/>
        <TopLine Value="22"/>
        <CursorPos X="61" Y="34"/>
        <UsageCount Value="8"/>
        <DefaultSyntaxHighlighter Value="Delphi"/>
      </Unit57>
      <Unit58>
        <Filename Value="principal.lfm"/>
        <EditorIndex Value="-1"/>
        <UsageCount Value="8"/>
        <DefaultSyntaxHighlighter Value="LFM"/>
      </Unit58>
      <Unit59>
        <Filename Value="..\misc\main_engine.pas"/>
        <EditorIndex Value="-1"/>
        <TopLine Value="505"/>
        <CursorPos X="10" Y="512"/>
        <UsageCount Value="13"/>
      </Unit59>
      <Unit60>
        <Filename Value="..\misc\file_engine.pas"/>
        <EditorIndex Value="-1"/>
        <CursorPos X="48" Y="6"/>
        <UsageCount Value="11"/>
        <DefaultSyntaxHighlighter Value="Delphi"/>
      </Unit60>
      <Unit61>
        <Filename Value="..\devices\k051960.pas"/>
        <EditorIndex Value="-1"/>
        <TopLine Value="99"/>
        <CursorPos X="55" Y="111"/>
        <UsageCount Value="8"/>
        <DefaultSyntaxHighlighter Value="Delphi"/>
      </Unit61>
      <Unit62>
        <Filename Value="..\misc\tap_tzx.pas"/>
        <EditorIndex Value="-1"/>
        <TopLine Value="762"/>
        <CursorPos X="39" Y="775"/>
        <UsageCount Value="10"/>
      </Unit62>
      <Unit63>
        <Filename Value="..\devices\z80pio.pas"/>
        <EditorIndex Value="-1"/>
        <TopLine Value="13"/>
        <CursorPos X="10" Y="34"/>
        <UsageCount Value="8"/>
        <DefaultSyntaxHighlighter Value="Delphi"/>
      </Unit63>
      <Unit64>
        <Filename Value="..\arcade\tehkanworldcup_hw.pas"/>
        <EditorIndex Value="-1"/>
        <TopLine Value="362"/>
        <UsageCount Value="8"/>
        <DefaultSyntaxHighlighter Value="Delphi"/>
      </Unit64>
      <Unit65>
        <Filename Value="..\arcade\centipede_hw.pas"/>
        <EditorIndex Value="-1"/>
        <TopLine Value="31"/>
        <CursorPos X="59" Y="43"/>
        <UsageCount Value="8"/>
        <DefaultSyntaxHighlighter Value="Delphi"/>
      </Unit65>
      <Unit66>
        <Filename Value="..\misc\rom_export.pas"/>
        <EditorIndex Value="-1"/>
        <CursorPos X="82" Y="18"/>
        <UsageCount Value="9"/>
        <DefaultSyntaxHighlighter Value="Delphi"/>
      </Unit66>
      <Unit67>
        <Filename Value="..\arcade\mrdo_hw.pas"/>
        <EditorIndex Value="-1"/>
        <TopLine Value="88"/>
        <CursorPos X="100" Y="100"/>
        <UsageCount Value="9"/>
        <DefaultSyntaxHighlighter Value="Delphi"/>
      </Unit67>
      <Unit68>
        <Filename Value="..\misc\lenguaje.pas"/>
        <EditorIndex Value="-1"/>
        <TopLine Value="101"/>
        <CursorPos X="26" Y="101"/>
        <UsageCount Value="11"/>
        <DefaultSyntaxHighlighter Value="Delphi"/>
      </Unit68>
      <Unit69>
        <Filename Value="..\misc\gfx_engine.pas"/>
        <EditorIndex Value="-1"/>
        <CursorPos Y="2"/>
        <UsageCount Value="8"/>
        <DefaultSyntaxHighlighter Value="Delphi"/>
      </Unit69>
      <Unit70>
        <Filename Value="C:\lazarus\lcl\graphics.pp"/>
        <UnitName Value="Graphics"/>
        <EditorIndex Value="-1"/>
        <TopLine Value="1760"/>
        <CursorPos X="3" Y="1782"/>
        <UsageCount Value="10"/>
      </Unit70>
      <Unit71>
        <Filename Value="..\devices\z80ctc.pas"/>
        <EditorIndex Value="-1"/>
        <TopLine Value="119"/>
        <CursorPos Y="136"/>
        <UsageCount Value="9"/>
        <DefaultSyntaxHighlighter Value="Delphi"/>
      </Unit71>
      <Unit72>
        <Filename Value="..\cpu\z80\nz80.pas"/>
        <EditorIndex Value="-1"/>
        <TopLine Value="794"/>
        <CursorPos X="44" Y="820"/>
        <UsageCount Value="9"/>
        <DefaultSyntaxHighlighter Value="Delphi"/>
      </Unit72>
      <Unit73>
        <Filename Value="..\cpu\n2a03.pas"/>
        <EditorIndex Value="-1"/>
        <CursorPos X="58" Y="5"/>
        <UsageCount Value="9"/>
        <DefaultSyntaxHighlighter Value="Delphi"/>
      </Unit73>
      <Unit74>
        <Filename Value="..\devices\tms99xx.pas"/>
        <EditorIndex Value="-1"/>
        <TopLine Value="214"/>
        <CursorPos X="12" Y="231"/>
        <UsageCount Value="9"/>
        <DefaultSyntaxHighlighter Value="Delphi"/>
      </Unit74>
      <Unit75>
        <Filename Value="..\snd\gb_sound.pas"/>
        <EditorIndex Value="-1"/>
        <TopLine Value="78"/>
        <CursorPos X="15" Y="109"/>
        <UsageCount Value="9"/>
        <DefaultSyntaxHighlighter Value="Delphi"/>
      </Unit75>
      <Unit76>
        <Filename Value="..\snd\fm_2151.pas"/>
        <EditorIndex Value="-1"/>
        <TopLine Value="139"/>
        <CursorPos X="3" Y="156"/>
        <UsageCount Value="9"/>
        <DefaultSyntaxHighlighter Value="Delphi"/>
      </Unit76>
      <Unit77>
        <Filename Value="..\snd\ym_2413.pas"/>
        <EditorIndex Value="-1"/>
        <TopLine Value="545"/>
        <CursorPos X="16" Y="561"/>
        <UsageCount Value="9"/>
        <DefaultSyntaxHighlighter Value="Delphi"/>
      </Unit77>
      <Unit78>
        <Filename Value="..\snd\upd1771.pas"/>
        <EditorIndex Value="-1"/>
        <CursorPos X="19" Y="5"/>
        <UsageCount Value="9"/>
        <DefaultSyntaxHighlighter Value="Delphi"/>
      </Unit78>
      <Unit79>
        <Filename Value="..\snd\tms36xx.pas"/>
        <EditorIndex Value="-1"/>
        <TopLine Value="371"/>
        <CursorPos X="10" Y="319"/>
        <UsageCount Value="9"/>
        <DefaultSyntaxHighlighter Value="Delphi"/>
      </Unit79>
      <Unit80>
        <Filename Value="..\arcade\phoenix_hw.pas"/>
        <EditorIndex Value="-1"/>
        <TopLine Value="296"/>
        <CursorPos X="13" Y="320"/>
        <UsageCount Value="9"/>
        <DefaultSyntaxHighlighter Value="Delphi"/>
      </Unit80>
      <Unit81>
        <Filename Value="..\arcade\blacktiger_hw.pas"/>
        <EditorIndex Value="-1"/>
        <TopLine Value="10"/>
        <UsageCount Value="9"/>
        <DefaultSyntaxHighlighter Value="Delphi"/>
      </Unit81>
      <Unit82>
        <Filename Value="..\misc\pal_engine.pas"/>
        <EditorIndex Value="-1"/>
        <CursorPos X="3" Y="12"/>
        <UsageCount Value="10"/>
        <DefaultSyntaxHighlighter Value="Delphi"/>
      </Unit82>
      <Unit83>
        <Filename Value="..\consolas\nes_mappers.pas"/>
        <EditorIndex Value="-1"/>
        <TopLine Value="151"/>
        <CursorPos Y="156"/>
        <UsageCount Value="9"/>
        <DefaultSyntaxHighlighter Value="Delphi"/>
      </Unit83>
      <Unit84>
        <Filename Value="..\consolas\gb.pas"/>
        <EditorIndex Value="-1"/>
        <TopLine Value="60"/>
        <CursorPos X="10" Y="79"/>
        <UsageCount Value="10"/>
        <DefaultSyntaxHighlighter Value="Delphi"/>
      </Unit84>
      <Unit85>
        <Filename Value="..\gnw\gnw_mariobros_const.pas"/>
        <EditorIndex Value="-1"/>
        <TopLine Value="4"/>
        <CursorPos X="33" Y="16"/>
        <UsageCount Value="10"/>
        <DefaultSyntaxHighlighter Value="Delphi"/>
      </Unit85>
      <Unit86>
        <Filename Value="..\ordenadores\oric_hw.pas"/>
        <EditorIndex Value="-1"/>
        <TopLine Value="366"/>
        <CursorPos X="45" Y="383"/>
        <UsageCount Value="10"/>
        <DefaultSyntaxHighlighter Value="Delphi"/>
      </Unit86>
      <Unit87>
        <Filename Value="C:\lazarus\fpc\3.2.2\source\rtl\win\wininc\messages.inc"/>
        <EditorIndex Value="-1"/>
        <TopLine Value="1643"/>
        <CursorPos X="5" Y="1660"/>
        <UsageCount Value="9"/>
      </Unit87>
      <Unit88>
        <Filename Value="C:\lazarus\lcl\include\control.inc"/>
        <EditorIndex Value="-1"/>
        <TopLine Value="2966"/>
        <CursorPos Y="2978"/>
        <UsageCount Value="9"/>
      </Unit88>
      <Unit89>
        <Filename Value="C:\lazarus\lcl\include\buttoncontrol.inc"/>
        <EditorIndex Value="-1"/>
        <TopLine Value="11"/>
        <CursorPos Y="22"/>
        <UsageCount Value="9"/>
      </Unit89>
      <Unit90>
        <Filename Value="C:\lazarus\lcl\include\buttons.inc"/>
        <EditorIndex Value="-1"/>
        <TopLine Value="159"/>
        <CursorPos Y="170"/>
        <UsageCount Value="9"/>
      </Unit90>
      <Unit91>
        <Filename Value="C:\lazarus\lcl\forms.pp"/>
        <UnitName Value="Forms"/>
        <EditorIndex Value="-1"/>
        <TopLine Value="55"/>
        <CursorPos X="3" Y="66"/>
        <UsageCount Value="9"/>
      </Unit91>
      <Unit92>
        <Filename Value="..\misc\timer_engine.pas"/>
        <EditorIndex Value="-1"/>
        <TopLine Value="35"/>
        <CursorPos X="21" Y="47"/>
        <UsageCount Value="9"/>
        <DefaultSyntaxHighlighter Value="Delphi"/>
      </Unit92>
      <Unit93>
        <Filename Value="..\misc\qsnapshot.pas"/>
        <EditorIndex Value="-1"/>
        <TopLine Value="89"/>
        <CursorPos X="5" Y="117"/>
        <UsageCount Value="10"/>
        <DefaultSyntaxHighlighter Value="Delphi"/>
      </Unit93>
      <Unit94>
        <Filename Value="..\arcade\outrun_hw.pas"/>
        <EditorIndex Value="-1"/>
        <TopLine Value="866"/>
        <CursorPos X="20" Y="876"/>
        <UsageCount Value="10"/>
        <DefaultSyntaxHighlighter Value="Delphi"/>
      </Unit94>
      <Unit95>
        <Filename Value="unzip2.pas"/>
        <EditorIndex Value="-1"/>
        <TopLine Value="85"/>
        <CursorPos Y="85"/>
        <UsageCount Value="10"/>
        <DefaultSyntaxHighlighter Value="Delphi"/>
      </Unit95>
      <Unit96>
        <Filename Value="C:\lazarus\fpc\3.2.2\source\packages\paszlib\src\unzip.pas"/>
        <UnitName Value="Unzip"/>
        <EditorIndex Value="-1"/>
        <TopLine Value="523"/>
        <CursorPos Y="523"/>
        <UsageCount Value="9"/>
      </Unit96>
      <Unit97>
        <Filename Value="..\cpu\m68000.pas"/>
        <EditorIndex Value="-1"/>
        <TopLine Value="3265"/>
        <CursorPos Y="3276"/>
        <UsageCount Value="9"/>
        <DefaultSyntaxHighlighter Value="Delphi"/>
      </Unit97>
      <Unit98>
        <Filename Value="..\ordenadores\misc\spectrum_misc.pas"/>
        <EditorIndex Value="-1"/>
        <TopLine Value="228"/>
        <CursorPos X="17" Y="250"/>
        <UsageCount Value="9"/>
        <DefaultSyntaxHighlighter Value="Delphi"/>
      </Unit98>
      <Unit99>
        <Filename Value="..\misc\principal_misc.pas"/>
        <IsPartOfProject Value="True"/>
        <EditorIndex Value="-1"/>
        <CursorPos X="43" Y="17"/>
        <UsageCount Value="30"/>
        <DefaultSyntaxHighlighter Value="Delphi"/>
      </Unit99>
      <Unit100>
        <Filename Value="..\arcade\seta_hw.pas"/>
        <EditorIndex Value="-1"/>
        <UsageCount Value="9"/>
        <DefaultSyntaxHighlighter Value="Delphi"/>
      </Unit100>
      <Unit101>
        <Filename Value="..\misc\configgeneral_misc.pas"/>
        <EditorIndex Value="-1"/>
        <TopLine Value="322"/>
        <CursorPos X="53" Y="352"/>
        <UsageCount Value="11"/>
        <DefaultSyntaxHighlighter Value="Delphi"/>
      </Unit101>
    </Units>
    <JumpHistory Count="13" HistoryIndex="12">
      <Position1>
        <Filename Value="principal.pas"/>
        <Caret Line="991" Column="7" TopLine="972"/>
      </Position1>
      <Position2>
        <Filename Value="principal.pas"/>
        <Caret Line="991" Column="7" TopLine="967"/>
      </Position2>
      <Position3>
        <Filename Value="principal.pas"/>
        <Caret Line="990" Column="7" TopLine="966"/>
      </Position3>
      <Position4>
        <Filename Value="principal.pas"/>
        <Caret Line="989" Column="7" TopLine="967"/>
      </Position4>
      <Position5>
        <Filename Value="principal.pas"/>
        <Caret Line="988" Column="7" TopLine="966"/>
      </Position5>
      <Position6>
        <Filename Value="principal.pas"/>
        <Caret Line="987" Column="7" TopLine="965"/>
      </Position6>
      <Position7>
        <Filename Value="principal.pas"/>
        <Caret Line="986" Column="7" TopLine="964"/>
      </Position7>
      <Position8>
        <Filename Value="principal.pas"/>
        <Caret Line="985" Column="7" TopLine="963"/>
      </Position8>
      <Position9>
        <Filename Value="principal.pas"/>
        <Caret Line="984" Column="7" TopLine="962"/>
      </Position9>
      <Position10>
        <Filename Value="principal.pas"/>
        <Caret Line="983" Column="7" TopLine="961"/>
      </Position10>
      <Position11>
        <Filename Value="principal.pas"/>
        <Caret Line="982" Column="7" TopLine="960"/>
      </Position11>
      <Position12>
        <Filename Value="principal.pas"/>
        <Caret Line="981" Column="7" TopLine="959"/>
      </Position12>
      <Position13>
        <Filename Value="principal.pas"/>
        <Caret Line="980" Column="7" TopLine="958"/>
      </Position13>
    </JumpHistory>
  </ProjectOptions>
  <CompilerOptions>
    <Version Value="11"/>
    <PathDelim Value="\"/>
    <Target>
      <Filename Value="..\..\dsp_lazarus"/>
    </Target>
    <SearchPaths>
      <IncludeFiles Value="$(ProjOutDir)"/>
      <Libraries Value="\usr\local\lib;\usr\X11\lib"/>
      <OtherUnitFiles Value="..\ordenadores;..\cpu\z80;..\arcade;..\snd;..\devices;..\misc;..\consolas;..\arcade\misc;..\cpu;zlibex;..\ordenadores\misc;..\gnw"/>
      <UnitOutputDirectory Value="obj"/>
    </SearchPaths>
    <Parsing>
      <SyntaxOptions>
        <SyntaxMode Value="Delphi"/>
      </SyntaxOptions>
    </Parsing>
    <CodeGeneration>
      <TargetCPU Value="i386"/>
      <Optimizations>
        <OptimizationLevel Value="3"/>
      </Optimizations>
    </CodeGeneration>
    <Linking>
      <Debugging>
        <DebugInfoType Value="dsDwarf2Set"/>
      </Debugging>
      <Options>
        <Win32>
          <GraphicApplication Value="True"/>
        </Win32>
      </Options>
    </Linking>
    <Other>
      <CompilerMessages>
        <IgnoredMessages idx3177="True"/>
      </CompilerMessages>
      <CreateMakefileOnBuild Value="True"/>
    </Other>
  </CompilerOptions>
  <Debugging>
    <Exceptions Count="2">
      <Item1>
        <Name Value="RunError(201)"/>
      </Item1>
      <Item2>
        <Name Value="ERangeError"/>
      </Item2>
    </Exceptions>
  </Debugging>
</CONFIG>
