<?xml version="1.0" encoding="UTF-8"?>
<CONFIG>
  <ProjectOptions>
    <Version Value="12"/>
    <PathDelim Value="\"/>
    <General>
      <Flags>
        <CompatibilityMode Value="True"/>
      </Flags>
      <Title Value="DSP Emulator"/>
      <Scaled Value="True"/>
      <UseXPManifest Value="True"/>
      <Icon Value="0"/>
    </General>
    <VersionInfo>
      <UseVersionInfo Value="True"/>
      <AutoIncrementBuild Value="True"/>
      <MinorVersionNr Value="23"/>
      <RevisionNr Value="3"/>
      <BuildNr Value="1377"/>
      <Language Value="040A"/>
      <StringTable CompanyName="Leniad" InternalName="Mi Emulador!" LegalCopyright="Leniad" OriginalFilename="DSP Emulator" ProductName="DSP Emulator" ProductVersion="0.22"/>
    </VersionInfo>
    <BuildModes Count="1">
      <Item1 Name="default" Default="True"/>
    </BuildModes>
    <PublishOptions>
      <Version Value="2"/>
      <DestinationDirectory Value="\home\dani\dsp\lazarus"/>
    </PublishOptions>
    <RunParams>
      <FormatVersion Value="2"/>
      <Modes Count="1">
        <Mode0 Name="default"/>
      </Modes>
    </RunParams>
    <RequiredPackages Count="2">
      <Item1>
        <PackageName Value="LCLBase"/>
        <MinVersion Major="1" Release="1" Valid="True"/>
      </Item1>
      <Item2>
        <PackageName Value="LCL"/>
      </Item2>
    </RequiredPackages>
    <Units Count="67">
      <Unit0>
        <Filename Value="dsp.lpr"/>
        <IsPartOfProject Value="True"/>
        <EditorIndex Value="-1"/>
        <TopLine Value="8"/>
        <CursorPos X="12" Y="24"/>
        <UsageCount Value="200"/>
        <DefaultSyntaxHighlighter Value="Delphi"/>
      </Unit0>
      <Unit1>
        <Filename Value="principal.pas"/>
        <IsPartOfProject Value="True"/>
        <ComponentName Value="principal1"/>
        <HasResources Value="True"/>
        <ResourceBaseClass Value="Form"/>
        <IsVisibleTab Value="True"/>
        <TopLine Value="738"/>
        <CursorPos X="5" Y="758"/>
        <UsageCount Value="200"/>
        <Loaded Value="True"/>
        <LoadedDesigner Value="True"/>
      </Unit1>
      <Unit2>
        <Filename Value="..\ordenadores\spectrum_misc.pas"/>
        <IsPartOfProject Value="True"/>
        <TopLine Value="190"/>
        <CursorPos X="46" Y="204"/>
        <UsageCount Value="200"/>
        <DefaultSyntaxHighlighter Value="Delphi"/>
      </Unit2>
      <Unit3>
        <Filename Value="..\snd\dac.pas"/>
        <IsPartOfProject Value="True"/>
        <EditorIndex Value="-1"/>
        <TopLine Value="22"/>
        <CursorPos X="50" Y="4"/>
        <UsageCount Value="204"/>
        <DefaultSyntaxHighlighter Value="Delphi"/>
      </Unit3>
      <Unit4>
        <Filename Value="..\cpu\m6800\m680x.pas"/>
        <IsPartOfProject Value="True"/>
        <TopLine Value="48"/>
        <CursorPos X="56" Y="58"/>
        <UsageCount Value="200"/>
        <DefaultSyntaxHighlighter Value="Delphi"/>
      </Unit4>
      <Unit5>
        <Filename Value="..\arcade\nmk16.pas"/>
        <IsPartOfProject Value="True"/>
        <UsageCount Value="200"/>
        <DefaultSyntaxHighlighter Value="Delphi"/>
      </Unit5>
      <Unit6>
        <Filename Value="..\arcade\knucklejoe.pas"/>
        <IsPartOfProject Value="True"/>
        <CursorPos X="7" Y="5"/>
        <UsageCount Value="200"/>
        <DefaultSyntaxHighlighter Value="Delphi"/>
      </Unit6>
      <Unit7>
        <Filename Value="..\arcade\wardner_hw.pas"/>
        <IsPartOfProject Value="True"/>
        <EditorIndex Value="-1"/>
        <TopLine Value="332"/>
        <CursorPos X="15" Y="348"/>
        <UsageCount Value="200"/>
        <DefaultSyntaxHighlighter Value="Delphi"/>
      </Unit7>
      <Unit8>
        <Filename Value="..\cpu\tms32010\tms32010.pas"/>
        <IsPartOfProject Value="True"/>
        <CursorPos X="34" Y="7"/>
        <UsageCount Value="200"/>
        <DefaultSyntaxHighlighter Value="Delphi"/>
      </Unit8>
      <Unit9>
        <Filename Value="..\misc\rom_engine.pas"/>
        <IsPartOfProject Value="True"/>
        <UnitName Value="Rom_engine"/>
        <EditorIndex Value="-1"/>
        <TopLine Value="53"/>
        <CursorPos Y="80"/>
        <UsageCount Value="200"/>
        <DefaultSyntaxHighlighter Value="Delphi"/>
      </Unit9>
      <Unit10>
        <Filename Value="..\cpu\mb88xx\mb88xx.pas"/>
        <IsPartOfProject Value="True"/>
        <TopLine Value="51"/>
        <CursorPos X="22" Y="61"/>
        <UsageCount Value="200"/>
        <DefaultSyntaxHighlighter Value="Delphi"/>
      </Unit10>
      <Unit11>
        <Filename Value="..\cpu\nec\nec_v20_v30.pas"/>
        <IsPartOfProject Value="True"/>
        <CursorPos X="34" Y="9"/>
        <UsageCount Value="200"/>
        <DefaultSyntaxHighlighter Value="Delphi"/>
      </Unit11>
      <Unit12>
        <Filename Value="..\cpu\hd6309\hd6309.pas"/>
        <IsPartOfProject Value="True"/>
        <TopLine Value="1179"/>
        <CursorPos X="46" Y="1190"/>
        <UsageCount Value="200"/>
        <DefaultSyntaxHighlighter Value="Delphi"/>
      </Unit12>
      <Unit13>
        <Filename Value="..\misc\controls_engine.pas"/>
        <IsPartOfProject Value="True"/>
        <EditorIndex Value="-1"/>
        <TopLine Value="488"/>
        <CursorPos X="3" Y="496"/>
        <UsageCount Value="200"/>
        <DefaultSyntaxHighlighter Value="Delphi"/>
      </Unit13>
      <Unit14>
        <Filename Value="acercade.pas"/>
        <IsPartOfProject Value="True"/>
        <ComponentName Value="Aboutbox"/>
        <HasResources Value="True"/>
        <ResourceBaseClass Value="Form"/>
        <EditorIndex Value="-1"/>
        <WindowIndex Value="-1"/>
        <TopLine Value="11"/>
        <CursorPos X="28" Y="15"/>
        <UsageCount Value="200"/>
        <DefaultSyntaxHighlighter Value="Delphi"/>
      </Unit14>
      <Unit15>
        <Filename Value="loadrom.pas"/>
        <IsPartOfProject Value="True"/>
        <ComponentName Value="FLoadRom"/>
        <HasResources Value="True"/>
        <ResourceBaseClass Value="Form"/>
        <UnitName Value="LoadRom"/>
        <EditorIndex Value="-1"/>
        <TopLine Value="167"/>
        <CursorPos Y="182"/>
        <UsageCount Value="200"/>
        <DefaultSyntaxHighlighter Value="Delphi"/>
      </Unit15>
      <Unit16>
        <Filename Value="config_general.pas"/>
        <IsPartOfProject Value="True"/>
        <ComponentName Value="MConfig"/>
        <HasResources Value="True"/>
        <ResourceBaseClass Value="Form"/>
        <EditorIndex Value="-1"/>
        <TopLine Value="664"/>
        <CursorPos Y="666"/>
        <UsageCount Value="202"/>
      </Unit16>
      <Unit17>
        <Filename Value="redefine.pas"/>
        <IsPartOfProject Value="True"/>
        <ComponentName Value="redefine1"/>
        <HasResources Value="True"/>
        <ResourceBaseClass Value="Form"/>
        <EditorIndex Value="-1"/>
        <TopLine Value="442"/>
        <CursorPos X="36" Y="446"/>
        <UsageCount Value="200"/>
        <DefaultSyntaxHighlighter Value="Delphi"/>
      </Unit17>
      <Unit18>
        <Filename Value="..\cpu\m6805\m6805.pas"/>
        <IsPartOfProject Value="True"/>
        <TopLine Value="65"/>
        <CursorPos X="58" Y="85"/>
        <UsageCount Value="200"/>
        <DefaultSyntaxHighlighter Value="Delphi"/>
      </Unit18>
      <Unit19>
        <Filename Value="..\consolas\coleco.pas"/>
        <IsPartOfProject Value="True"/>
        <EditorIndex Value="-1"/>
        <UsageCount Value="200"/>
        <DefaultSyntaxHighlighter Value="Delphi"/>
      </Unit19>
      <Unit20>
        <Filename Value="..\arcade\misc\konami_decrypt.pas"/>
        <IsPartOfProject Value="True"/>
        <CursorPos X="10" Y="10"/>
        <UsageCount Value="200"/>
        <DefaultSyntaxHighlighter Value="Delphi"/>
      </Unit20>
      <Unit21>
        <Filename Value="..\consolas\tms99xx.pas"/>
        <IsPartOfProject Value="True"/>
        <CursorPos X="49" Y="5"/>
        <UsageCount Value="200"/>
        <DefaultSyntaxHighlighter Value="Delphi"/>
      </Unit21>
      <Unit22>
        <Filename Value="..\arcade\snowbros_hw.pas"/>
        <IsPartOfProject Value="True"/>
        <EditorIndex Value="-1"/>
        <UsageCount Value="200"/>
        <DefaultSyntaxHighlighter Value="Delphi"/>
      </Unit22>
      <Unit23>
        <Filename Value="..\cpu\mcs51\mcs51.pas"/>
        <IsPartOfProject Value="True"/>
        <UsageCount Value="202"/>
        <DefaultSyntaxHighlighter Value="Delphi"/>
      </Unit23>
      <Unit24>
        <Filename Value="..\misc\sound_engine.pas"/>
        <IsPartOfProject Value="True"/>
        <EditorIndex Value="-1"/>
        <TopLine Value="159"/>
        <CursorPos X="19" Y="169"/>
        <UsageCount Value="200"/>
        <DefaultSyntaxHighlighter Value="Delphi"/>
      </Unit24>
      <Unit25>
        <Filename Value="..\devices\upd765.pas"/>
        <IsPartOfProject Value="True"/>
        <EditorIndex Value="-1"/>
        <TopLine Value="4"/>
        <CursorPos X="3" Y="16"/>
        <UsageCount Value="208"/>
        <DefaultSyntaxHighlighter Value="Delphi"/>
      </Unit25>
      <Unit26>
        <Filename Value="cargar_dsk.pas"/>
        <IsPartOfProject Value="True"/>
        <ComponentName Value="load_dsk"/>
        <HasResources Value="True"/>
        <ResourceBaseClass Value="Form"/>
        <EditorIndex Value="-1"/>
        <TopLine Value="189"/>
        <CursorPos X="29" Y="195"/>
        <UsageCount Value="200"/>
        <DefaultSyntaxHighlighter Value="Delphi"/>
      </Unit26>
      <Unit27>
        <Filename Value="tape_window.pas"/>
        <IsPartOfProject Value="True"/>
        <ComponentName Value="tape_window1"/>
        <HasResources Value="True"/>
        <ResourceBaseClass Value="Form"/>
        <EditorIndex Value="-1"/>
        <TopLine Value="17"/>
        <CursorPos X="46" Y="28"/>
        <UsageCount Value="221"/>
        <DefaultSyntaxHighlighter Value="Delphi"/>
      </Unit27>
      <Unit28>
        <Filename Value="cargar_spec.pas"/>
        <IsPartOfProject Value="True"/>
        <ComponentName Value="load_spec"/>
        <HasResources Value="True"/>
        <ResourceBaseClass Value="Form"/>
        <EditorIndex Value="-1"/>
        <TopLine Value="62"/>
        <CursorPos X="40" Y="86"/>
        <UsageCount Value="224"/>
        <DefaultSyntaxHighlighter Value="Delphi"/>
      </Unit28>
      <Unit29>
        <Filename Value="lenslock.pas"/>
        <IsPartOfProject Value="True"/>
        <ComponentName Value="lenslock1"/>
        <HasResources Value="True"/>
        <ResourceBaseClass Value="Form"/>
        <EditorIndex Value="-1"/>
        <TopLine Value="88"/>
        <CursorPos X="7" Y="107"/>
        <UsageCount Value="224"/>
        <DefaultSyntaxHighlighter Value="Delphi"/>
      </Unit29>
      <Unit30>
        <Filename Value="config.pas"/>
        <IsPartOfProject Value="True"/>
        <ComponentName Value="ConfigSP"/>
        <HasResources Value="True"/>
        <ResourceBaseClass Value="Form"/>
        <EditorIndex Value="-1"/>
        <TopLine Value="153"/>
        <CursorPos X="21" Y="170"/>
        <UsageCount Value="224"/>
        <DefaultSyntaxHighlighter Value="Delphi"/>
      </Unit30>
      <Unit31>
        <Filename Value="..\cpu\hu6280.pas"/>
        <IsPartOfProject Value="True"/>
        <EditorIndex Value="-1"/>
        <TopLine Value="162"/>
        <CursorPos X="30" Y="174"/>
        <UsageCount Value="200"/>
        <DefaultSyntaxHighlighter Value="Delphi"/>
      </Unit31>
      <Unit32>
        <Filename Value="arcade_config.pas"/>
        <IsPartOfProject Value="True"/>
        <ComponentName Value="config_arcade"/>
        <HasResources Value="True"/>
        <ResourceBaseClass Value="Form"/>
        <EditorIndex Value="-1"/>
        <TopLine Value="25"/>
        <CursorPos Y="38"/>
        <UsageCount Value="301"/>
        <DefaultSyntaxHighlighter Value="Delphi"/>
      </Unit32>
      <Unit33>
        <Filename Value="joystick_calibration.pas"/>
        <ComponentName Value="joy_calibration"/>
        <HasResources Value="True"/>
        <ResourceBaseClass Value="Form"/>
        <EditorIndex Value="-1"/>
        <TopLine Value="54"/>
        <CursorPos X="14" Y="65"/>
        <UsageCount Value="226"/>
        <DefaultSyntaxHighlighter Value="Delphi"/>
      </Unit33>
      <Unit34>
        <Filename Value="..\consolas\sega_vdp.pas"/>
        <IsPartOfProject Value="True"/>
        <EditorIndex Value="-1"/>
        <TopLine Value="27"/>
        <CursorPos X="28" Y="637"/>
        <UsageCount Value="236"/>
        <DefaultSyntaxHighlighter Value="Delphi"/>
      </Unit34>
      <Unit35>
        <Filename Value="config_sms.pas"/>
        <IsPartOfProject Value="True"/>
        <ComponentName Value="SMSConfig"/>
        <HasResources Value="True"/>
        <ResourceBaseClass Value="Form"/>
        <EditorIndex Value="-1"/>
        <TopLine Value="53"/>
        <CursorPos X="5" Y="80"/>
        <UsageCount Value="213"/>
        <DefaultSyntaxHighlighter Value="Delphi"/>
      </Unit35>
      <Unit36>
        <Filename Value="..\misc\lib_sdl2.pas"/>
        <IsPartOfProject Value="True"/>
        <EditorIndex Value="-1"/>
        <TopLine Value="107"/>
        <CursorPos X="26" Y="125"/>
        <UsageCount Value="208"/>
        <DefaultSyntaxHighlighter Value="Delphi"/>
      </Unit36>
      <Unit37>
        <Filename Value="config_cpc.pas"/>
        <IsPartOfProject Value="True"/>
        <ComponentName Value="configcpc"/>
        <HasResources Value="True"/>
        <ResourceBaseClass Value="Form"/>
        <EditorIndex Value="-1"/>
        <TopLine Value="177"/>
        <CursorPos X="5" Y="111"/>
        <UsageCount Value="200"/>
        <DefaultSyntaxHighlighter Value="Delphi"/>
      </Unit37>
      <Unit38>
        <Filename Value="..\misc\kaillera.pas"/>
        <IsPartOfProject Value="True"/>
        <EditorIndex Value="-1"/>
        <TopLine Value="20"/>
        <CursorPos X="31" Y="24"/>
        <UsageCount Value="200"/>
        <DefaultSyntaxHighlighter Value="Delphi"/>
      </Unit38>
      <Unit39>
        <Filename Value="..\arcade\karnov_hw.pas"/>
        <IsPartOfProject Value="True"/>
        <EditorIndex Value="-1"/>
        <TopLine Value="603"/>
        <CursorPos X="64" Y="609"/>
        <UsageCount Value="201"/>
        <DefaultSyntaxHighlighter Value="Delphi"/>
      </Unit39>
      <Unit40>
        <Filename Value="..\arcade\thunderx_hw.pas"/>
        <IsPartOfProject Value="True"/>
        <EditorIndex Value="-1"/>
        <UsageCount Value="200"/>
        <DefaultSyntaxHighlighter Value="Delphi"/>
      </Unit40>
      <Unit41>
        <Filename Value="..\arcade\misc\k053246_k053247_k055673.pas"/>
        <IsPartOfProject Value="True"/>
        <EditorIndex Value="-1"/>
        <TopLine Value="46"/>
        <CursorPos X="20" Y="61"/>
        <UsageCount Value="200"/>
        <DefaultSyntaxHighlighter Value="Delphi"/>
      </Unit41>
      <Unit42>
        <Filename Value="..\cpu\cpu_misc.pas"/>
        <IsPartOfProject Value="True"/>
        <EditorIndex Value="-1"/>
        <TopLine Value="15"/>
        <CursorPos X="23" Y="39"/>
        <UsageCount Value="200"/>
        <DefaultSyntaxHighlighter Value="Delphi"/>
      </Unit42>
      <Unit43>
        <Filename Value="..\misc\misc_functions.pas"/>
        <IsPartOfProject Value="True"/>
        <EditorIndex Value="-1"/>
        <TopLine Value="329"/>
        <CursorPos X="21" Y="351"/>
        <UsageCount Value="316"/>
        <DefaultSyntaxHighlighter Value="Delphi"/>
      </Unit43>
      <Unit44>
        <Filename Value="..\arcade\sauro_hw.pas"/>
        <IsPartOfProject Value="True"/>
        <EditorIndex Value="-1"/>
        <TopLine Value="49"/>
        <CursorPos X="14" Y="53"/>
        <UsageCount Value="200"/>
        <DefaultSyntaxHighlighter Value="Delphi"/>
      </Unit44>
      <Unit45>
        <Filename Value="..\gnw\gnw_510.pas"/>
        <IsPartOfProject Value="True"/>
        <EditorIndex Value="-1"/>
        <TopLine Value="199"/>
        <CursorPos X="65" Y="251"/>
        <UsageCount Value="200"/>
        <DefaultSyntaxHighlighter Value="Delphi"/>
      </Unit45>
      <Unit46>
        <Filename Value="..\consolas\sega_gg.pas"/>
        <IsPartOfProject Value="True"/>
        <EditorIndex Value="-1"/>
        <TopLine Value="195"/>
        <CursorPos X="58" Y="207"/>
        <UsageCount Value="307"/>
        <DefaultSyntaxHighlighter Value="Delphi"/>
      </Unit46>
      <Unit47>
        <Filename Value="config_gb.pas"/>
        <IsPartOfProject Value="True"/>
        <ComponentName Value="configgb"/>
        <HasResources Value="True"/>
        <ResourceBaseClass Value="Form"/>
        <EditorIndex Value="-1"/>
        <TopLine Value="34"/>
        <CursorPos X="12" Y="40"/>
        <UsageCount Value="207"/>
        <DefaultSyntaxHighlighter Value="Delphi"/>
      </Unit47>
      <Unit48>
        <Filename Value="..\misc\init_games.pas"/>
        <EditorIndex Value="1"/>
        <TopLine Value="901"/>
        <CursorPos X="56" Y="912"/>
        <UsageCount Value="10"/>
        <Loaded Value="True"/>
        <DefaultSyntaxHighlighter Value="Delphi"/>
      </Unit48>
      <Unit49>
        <Filename Value="..\consolas\super_cassette_vision.pas"/>
        <EditorIndex Value="-1"/>
        <TopLine Value="401"/>
        <CursorPos X="40" Y="424"/>
        <UsageCount Value="81"/>
        <DefaultSyntaxHighlighter Value="Delphi"/>
      </Unit49>
      <Unit50>
        <Filename Value="..\consolas\sms.pas"/>
        <EditorIndex Value="-1"/>
        <TopLine Value="354"/>
        <CursorPos X="58" Y="382"/>
        <UsageCount Value="83"/>
        <DefaultSyntaxHighlighter Value="Delphi"/>
      </Unit50>
      <Unit51>
        <Filename Value="..\misc\snapshot.pas"/>
        <EditorIndex Value="-1"/>
        <TopLine Value="2155"/>
        <CursorPos Y="2115"/>
        <UsageCount Value="83"/>
        <DefaultSyntaxHighlighter Value="Delphi"/>
      </Unit51>
      <Unit52>
        <Filename Value="..\consolas\sg1000.pas"/>
        <EditorIndex Value="-1"/>
        <CursorPos X="5" Y="176"/>
        <UsageCount Value="81"/>
        <DefaultSyntaxHighlighter Value="Delphi"/>
      </Unit52>
      <Unit53>
        <Filename Value="..\consolas\nes.pas"/>
        <EditorIndex Value="-1"/>
        <TopLine Value="79"/>
        <CursorPos Y="90"/>
        <UsageCount Value="10"/>
        <DefaultSyntaxHighlighter Value="Delphi"/>
      </Unit53>
      <Unit54>
        <Filename Value="..\consolas\nes_ppu.pas"/>
        <EditorIndex Value="-1"/>
        <TopLine Value="522"/>
        <CursorPos Y="534"/>
        <UsageCount Value="10"/>
        <DefaultSyntaxHighlighter Value="Delphi"/>
      </Unit54>
      <Unit55>
        <Filename Value="..\snd\oki6295.pas"/>
        <EditorIndex Value="-1"/>
        <TopLine Value="248"/>
        <CursorPos X="9" Y="255"/>
        <UsageCount Value="10"/>
        <DefaultSyntaxHighlighter Value="Delphi"/>
      </Unit55>
      <Unit56>
        <Filename Value="..\ordenadores\amstrad_cpc.pas"/>
        <EditorIndex Value="-1"/>
        <CursorPos X="27" Y="12"/>
        <UsageCount Value="10"/>
        <DefaultSyntaxHighlighter Value="Delphi"/>
      </Unit56>
      <Unit57>
        <Filename Value="..\arcade\caloriekun_hw.pas"/>
        <EditorIndex Value="-1"/>
        <TopLine Value="22"/>
        <CursorPos X="61" Y="34"/>
        <UsageCount Value="10"/>
        <DefaultSyntaxHighlighter Value="Delphi"/>
      </Unit57>
      <Unit58>
        <Filename Value="principal.lfm"/>
        <EditorIndex Value="-1"/>
        <UsageCount Value="10"/>
        <DefaultSyntaxHighlighter Value="LFM"/>
      </Unit58>
      <Unit59>
        <Filename Value="..\misc\main_engine.pas"/>
        <EditorIndex Value="-1"/>
        <TopLine Value="153"/>
        <CursorPos X="6" Y="165"/>
        <UsageCount Value="10"/>
        <DefaultSyntaxHighlighter Value="Delphi"/>
      </Unit59>
      <Unit60>
        <Filename Value="..\misc\file_engine.pas"/>
        <EditorIndex Value="-1"/>
        <TopLine Value="800"/>
        <CursorPos X="32" Y="811"/>
        <UsageCount Value="10"/>
        <DefaultSyntaxHighlighter Value="Delphi"/>
      </Unit60>
      <Unit61>
        <Filename Value="..\devices\k051960.pas"/>
        <EditorIndex Value="-1"/>
        <TopLine Value="99"/>
        <CursorPos X="55" Y="111"/>
        <UsageCount Value="10"/>
        <DefaultSyntaxHighlighter Value="Delphi"/>
      </Unit61>
      <Unit62>
        <Filename Value="..\misc\tap_tzx.pas"/>
        <EditorIndex Value="-1"/>
        <TopLine Value="191"/>
        <CursorPos Y="203"/>
        <UsageCount Value="10"/>
        <DefaultSyntaxHighlighter Value="Delphi"/>
      </Unit62>
      <Unit63>
        <Filename Value="..\devices\z80pio.pas"/>
        <EditorIndex Value="-1"/>
        <TopLine Value="13"/>
        <CursorPos X="10" Y="34"/>
        <UsageCount Value="10"/>
        <DefaultSyntaxHighlighter Value="Delphi"/>
      </Unit63>
      <Unit64>
        <Filename Value="..\arcade\tehkanworldcup_hw.pas"/>
        <EditorIndex Value="-1"/>
        <TopLine Value="362"/>
        <UsageCount Value="10"/>
      </Unit64>
      <Unit65>
        <Filename Value="..\arcade\centipede_hw.pas"/>
        <EditorIndex Value="-1"/>
        <TopLine Value="31"/>
        <CursorPos X="59" Y="43"/>
        <UsageCount Value="10"/>
        <DefaultSyntaxHighlighter Value="Delphi"/>
      </Unit65>
      <Unit66>
        <Filename Value="..\misc\rom_export.pas"/>
        <EditorIndex Value="-1"/>
        <CursorPos X="30" Y="13"/>
        <UsageCount Value="10"/>
      </Unit66>
    </Units>
    <JumpHistory Count="13" HistoryIndex="12">
      <Position1>
        <Filename Value="principal.pas"/>
      </Position1>
      <Position2>
        <Filename Value="principal.pas"/>
      </Position2>
      <Position3>
        <Filename Value="principal.pas"/>
        <Caret Line="748" Column="5" TopLine="728"/>
      </Position3>
      <Position4>
        <Filename Value="principal.pas"/>
        <Caret Line="748" Column="5" TopLine="728"/>
      </Position4>
      <Position5>
        <Filename Value="principal.pas"/>
        <Caret Line="749" Column="5" TopLine="729"/>
      </Position5>
      <Position6>
        <Filename Value="principal.pas"/>
        <Caret Line="750" Column="5" TopLine="730"/>
      </Position6>
      <Position7>
        <Filename Value="principal.pas"/>
        <Caret Line="751" Column="5" TopLine="731"/>
      </Position7>
      <Position8>
        <Filename Value="principal.pas"/>
        <Caret Line="752" Column="5" TopLine="732"/>
      </Position8>
      <Position9>
        <Filename Value="principal.pas"/>
        <Caret Line="753" Column="5" TopLine="733"/>
      </Position9>
      <Position10>
        <Filename Value="principal.pas"/>
        <Caret Line="754" Column="5" TopLine="734"/>
      </Position10>
      <Position11>
        <Filename Value="principal.pas"/>
        <Caret Line="755" Column="5" TopLine="735"/>
      </Position11>
      <Position12>
        <Filename Value="principal.pas"/>
        <Caret Line="756" Column="5" TopLine="736"/>
      </Position12>
      <Position13>
        <Filename Value="principal.pas"/>
        <Caret Line="757" Column="5" TopLine="737"/>
      </Position13>
    </JumpHistory>
  </ProjectOptions>
  <CompilerOptions>
    <Version Value="11"/>
    <PathDelim Value="\"/>
    <Target>
      <Filename Value="..\..\dsp_lazarus"/>
    </Target>
    <SearchPaths>
      <IncludeFiles Value="$(ProjOutDir)"/>
      <Libraries Value="\usr\local\lib;\usr\X11\lib"/>
      <OtherUnitFiles Value="..\ordenadores;..\cpu\z80;..\arcade;..\snd;..\devices;..\misc;..\consolas;..\arcade\misc;..\cpu;zlibex;..\ordenadores\misc;..\gnw"/>
      <UnitOutputDirectory Value="obj"/>
    </SearchPaths>
    <Parsing>
      <SyntaxOptions>
        <SyntaxMode Value="Delphi"/>
        <CStyleOperator Value="False"/>
        <AllowLabel Value="False"/>
        <UseAnsiStrings Value="False"/>
      </SyntaxOptions>
    </Parsing>
    <CodeGeneration>
      <TargetCPU Value="i386"/>
      <Optimizations>
        <OptimizationLevel Value="3"/>
      </Optimizations>
    </CodeGeneration>
    <Linking>
      <Debugging>
        <DebugInfoType Value="dsDwarf2Set"/>
      </Debugging>
      <Options>
        <Win32>
          <GraphicApplication Value="True"/>
        </Win32>
      </Options>
    </Linking>
    <Other>
      <CreateMakefileOnBuild Value="True"/>
    </Other>
  </CompilerOptions>
</CONFIG>
